// !$*UTF8*$!
{
	archiveVersion = 1;
	classes = {
	};
	objectVersion = 46;
	objects = {

/* Begin PBXBuildFile section */
		7DFE49B71D057D4100EDF2FC /* (null) in Resources */ = {isa = PBXBuildFile; };
		E203D1061D2270FA007B7F8D /* Alamofire.framework in Frameworks */ = {isa = PBXBuildFile; fileRef = E203D1051D2270FA007B7F8D /* Alamofire.framework */; };
		E24F17211D2D1BAC004B6601 /* SocketIOClientSwift.framework in Frameworks */ = {isa = PBXBuildFile; fileRef = E24F17201D2D1BAC004B6601 /* SocketIOClientSwift.framework */; };
		E2BAE4D61D338EAB003D5768 /* InventoryList+CoreDataProperties.swift in Sources */ = {isa = PBXBuildFile; fileRef = E2BAE4D41D338EAB003D5768 /* InventoryList+CoreDataProperties.swift */; };
		E2BAE4D71D338EAB003D5768 /* InventoryList.swift in Sources */ = {isa = PBXBuildFile; fileRef = E2BAE4D51D338EAB003D5768 /* InventoryList.swift */; };
		E2BAE4DC1D338EF6003D5768 /* Set+CoreDataProperties.swift in Sources */ = {isa = PBXBuildFile; fileRef = E2BAE4D81D338EF6003D5768 /* Set+CoreDataProperties.swift */; };
		E2BAE4DD1D338EF6003D5768 /* Set.swift in Sources */ = {isa = PBXBuildFile; fileRef = E2BAE4D91D338EF6003D5768 /* Set.swift */; };
		E2BAE4DE1D338EF6003D5768 /* Tag+CoreDataProperties.swift in Sources */ = {isa = PBXBuildFile; fileRef = E2BAE4DA1D338EF6003D5768 /* Tag+CoreDataProperties.swift */; };
		E2BAE4DF1D338EF6003D5768 /* Tag.swift in Sources */ = {isa = PBXBuildFile; fileRef = E2BAE4DB1D338EF6003D5768 /* Tag.swift */; };
		E2BAE4E11D339082003D5768 /* TagResponse.swift in Sources */ = {isa = PBXBuildFile; fileRef = E2BAE4E01D339082003D5768 /* TagResponse.swift */; };
		E2BAE4E31D33908B003D5768 /* SetResponse.swift in Sources */ = {isa = PBXBuildFile; fileRef = E2BAE4E21D33908B003D5768 /* SetResponse.swift */; };
		E2BAE4E51D3393A3003D5768 /* TagData.swift in Sources */ = {isa = PBXBuildFile; fileRef = E2BAE4E41D3393A3003D5768 /* TagData.swift */; };
		E2BAE4E71D33947D003D5768 /* SetData.swift in Sources */ = {isa = PBXBuildFile; fileRef = E2BAE4E61D33947D003D5768 /* SetData.swift */; };
		E2D0E6F61D18292F007F0265 /* MagicalRecord.framework in Frameworks */ = {isa = PBXBuildFile; fileRef = E2D0E6F21D18292F007F0265 /* MagicalRecord.framework */; settings = {ATTRIBUTES = (Required, ); }; };
		E2DA73CA1D2E8D7F0099F374 /* AppDelegate.swift in Sources */ = {isa = PBXBuildFile; fileRef = E2DA735E1D2E8D7F0099F374 /* AppDelegate.swift */; };
		E2DA73CB1D2E8D7F0099F374 /* DataManager.swift in Sources */ = {isa = PBXBuildFile; fileRef = E2DA73611D2E8D7F0099F374 /* DataManager.swift */; };
		E2DA73CC1D2E8D7F0099F374 /* RetailInventoryToSwift.xcdatamodeld in Sources */ = {isa = PBXBuildFile; fileRef = E2DA73621D2E8D7F0099F374 /* RetailInventoryToSwift.xcdatamodeld */; };
		E2DA73CD1D2E8D7F0099F374 /* AddDepartmentsData.swift in Sources */ = {isa = PBXBuildFile; fileRef = E2DA73651D2E8D7F0099F374 /* AddDepartmentsData.swift */; };
		E2DA73CE1D2E8D7F0099F374 /* AddVendorsData.swift in Sources */ = {isa = PBXBuildFile; fileRef = E2DA73661D2E8D7F0099F374 /* AddVendorsData.swift */; };
		E2DA73CF1D2E8D7F0099F374 /* AdjustStockLevelsData.swift in Sources */ = {isa = PBXBuildFile; fileRef = E2DA73671D2E8D7F0099F374 /* AdjustStockLevelsData.swift */; };
		E2DA73D01D2E8D7F0099F374 /* DepartmentData.swift in Sources */ = {isa = PBXBuildFile; fileRef = E2DA73681D2E8D7F0099F374 /* DepartmentData.swift */; };
		E2DA73D11D2E8D7F0099F374 /* EntityMethods.swift in Sources */ = {isa = PBXBuildFile; fileRef = E2DA73691D2E8D7F0099F374 /* EntityMethods.swift */; };
		E2DA73D21D2E8D7F0099F374 /* InventaryDetailData.swift in Sources */ = {isa = PBXBuildFile; fileRef = E2DA736A1D2E8D7F0099F374 /* InventaryDetailData.swift */; };
		E2DA73D41D2E8D7F0099F374 /* InventoryListData.swift in Sources */ = {isa = PBXBuildFile; fileRef = E2DA736C1D2E8D7F0099F374 /* InventoryListData.swift */; };
		E2DA73D51D2E8D7F0099F374 /* StoreSetupData.swift in Sources */ = {isa = PBXBuildFile; fileRef = E2DA736D1D2E8D7F0099F374 /* StoreSetupData.swift */; };
		E2DA73D61D2E8D7F0099F374 /* TaxData.swift in Sources */ = {isa = PBXBuildFile; fileRef = E2DA736E1D2E8D7F0099F374 /* TaxData.swift */; };
		E2DA73D71D2E8D7F0099F374 /* UserData.swift in Sources */ = {isa = PBXBuildFile; fileRef = E2DA736F1D2E8D7F0099F374 /* UserData.swift */; };
		E2DA73D81D2E8D7F0099F374 /* VendorData.swift in Sources */ = {isa = PBXBuildFile; fileRef = E2DA73701D2E8D7F0099F374 /* VendorData.swift */; };
		E2DA73D91D2E8D7F0099F374 /* AddDepartments.swift in Sources */ = {isa = PBXBuildFile; fileRef = E2DA73721D2E8D7F0099F374 /* AddDepartments.swift */; };
		E2DA73DA1D2E8D7F0099F374 /* AddVendors.swift in Sources */ = {isa = PBXBuildFile; fileRef = E2DA73731D2E8D7F0099F374 /* AddVendors.swift */; };
		E2DA73DB1D2E8D7F0099F374 /* AdjustStockLevels+CoreDataProperties.swift in Sources */ = {isa = PBXBuildFile; fileRef = E2DA73741D2E8D7F0099F374 /* AdjustStockLevels+CoreDataProperties.swift */; };
		E2DA73DC1D2E8D7F0099F374 /* AdjustStockLevels.swift in Sources */ = {isa = PBXBuildFile; fileRef = E2DA73751D2E8D7F0099F374 /* AdjustStockLevels.swift */; };
		E2DA73DD1D2E8D7F0099F374 /* Department+CoreDataProperties.swift in Sources */ = {isa = PBXBuildFile; fileRef = E2DA73761D2E8D7F0099F374 /* Department+CoreDataProperties.swift */; };
		E2DA73DE1D2E8D7F0099F374 /* Department.swift in Sources */ = {isa = PBXBuildFile; fileRef = E2DA73771D2E8D7F0099F374 /* Department.swift */; };
		E2DA73E21D2E8D7F0099F374 /* DepartmentResponse.swift in Sources */ = {isa = PBXBuildFile; fileRef = E2DA737C1D2E8D7F0099F374 /* DepartmentResponse.swift */; };
		E2DA73E31D2E8D7F0099F374 /* TaxResponse.swift in Sources */ = {isa = PBXBuildFile; fileRef = E2DA737D1D2E8D7F0099F374 /* TaxResponse.swift */; };
		E2DA73E41D2E8D7F0099F374 /* StoreSetup.swift in Sources */ = {isa = PBXBuildFile; fileRef = E2DA737F1D2E8D7F0099F374 /* StoreSetup.swift */; };
		E2DA73E51D2E8D7F0099F374 /* Tax+CoreDataProperties.swift in Sources */ = {isa = PBXBuildFile; fileRef = E2DA73801D2E8D7F0099F374 /* Tax+CoreDataProperties.swift */; };
		E2DA73E61D2E8D7F0099F374 /* Tax.swift in Sources */ = {isa = PBXBuildFile; fileRef = E2DA73811D2E8D7F0099F374 /* Tax.swift */; };
		E2DA73E71D2E8D7F0099F374 /* DepartmentTemplate.swift in Sources */ = {isa = PBXBuildFile; fileRef = E2DA73831D2E8D7F0099F374 /* DepartmentTemplate.swift */; };
		E2DA73E81D2E8D7F0099F374 /* TaxTemplate.swift in Sources */ = {isa = PBXBuildFile; fileRef = E2DA73841D2E8D7F0099F374 /* TaxTemplate.swift */; };
		E2DA73E91D2E8D7F0099F374 /* User+CoreDataProperties.swift in Sources */ = {isa = PBXBuildFile; fileRef = E2DA73851D2E8D7F0099F374 /* User+CoreDataProperties.swift */; };
		E2DA73EA1D2E8D7F0099F374 /* User.swift in Sources */ = {isa = PBXBuildFile; fileRef = E2DA73861D2E8D7F0099F374 /* User.swift */; };
		E2DA73EB1D2E8D7F0099F374 /* Vendor+CoreDataProperties.swift in Sources */ = {isa = PBXBuildFile; fileRef = E2DA73871D2E8D7F0099F374 /* Vendor+CoreDataProperties.swift */; };
		E2DA73EC1D2E8D7F0099F374 /* Vendor.swift in Sources */ = {isa = PBXBuildFile; fileRef = E2DA73881D2E8D7F0099F374 /* Vendor.swift */; };
		E2DA73EE1D2E8D7F0099F374 /* NetworkLoader.swift in Sources */ = {isa = PBXBuildFile; fileRef = E2DA738B1D2E8D7F0099F374 /* NetworkLoader.swift */; };
		E2DA73EF1D2E8D7F0099F374 /* SocketClient.swift in Sources */ = {isa = PBXBuildFile; fileRef = E2DA738C1D2E8D7F0099F374 /* SocketClient.swift */; };
		E2DA73F21D2E8D7F0099F374 /* NavigationBar.swift in Sources */ = {isa = PBXBuildFile; fileRef = E2DA73911D2E8D7F0099F374 /* NavigationBar.swift */; };
		E2DA73F31D2E8D7F0099F374 /* String.swift in Sources */ = {isa = PBXBuildFile; fileRef = E2DA73921D2E8D7F0099F374 /* String.swift */; };
		E2DA73F41D2E8D7F0099F374 /* TableView.swift in Sources */ = {isa = PBXBuildFile; fileRef = E2DA73931D2E8D7F0099F374 /* TableView.swift */; };
		E2DA73F51D2E8D7F0099F374 /* LogInViewController.swift in Sources */ = {isa = PBXBuildFile; fileRef = E2DA73961D2E8D7F0099F374 /* LogInViewController.swift */; };
		E2DA73F61D2E8D7F0099F374 /* BaseViewController.swift in Sources */ = {isa = PBXBuildFile; fileRef = E2DA73981D2E8D7F0099F374 /* BaseViewController.swift */; };
		E2DA73F71D2E8D7F0099F374 /* InventoryController.swift in Sources */ = {isa = PBXBuildFile; fileRef = E2DA739A1D2E8D7F0099F374 /* InventoryController.swift */; };
		E2DA73F81D2E8D7F0099F374 /* InventoryDetailController.swift in Sources */ = {isa = PBXBuildFile; fileRef = E2DA739B1D2E8D7F0099F374 /* InventoryDetailController.swift */; };
		E2DA73F91D2E8D7F0099F374 /* SelectDescriptionController.swift in Sources */ = {isa = PBXBuildFile; fileRef = E2DA739C1D2E8D7F0099F374 /* SelectDescriptionController.swift */; };
		E2DA73FA1D2E8D7F0099F374 /* SelectDetailController.swift in Sources */ = {isa = PBXBuildFile; fileRef = E2DA739D1D2E8D7F0099F374 /* SelectDetailController.swift */; };
		E2DA73FB1D2E8D7F0099F374 /* MenuViewController.swift in Sources */ = {isa = PBXBuildFile; fileRef = E2DA739F1D2E8D7F0099F374 /* MenuViewController.swift */; };
		E2DA73FD1D2E8D7F0099F374 /* ScanController.swift in Sources */ = {isa = PBXBuildFile; fileRef = E2DA73A21D2E8D7F0099F374 /* ScanController.swift */; };
		E2DA73FE1D2E8D7F0099F374 /* AdjustViewController.swift in Sources */ = {isa = PBXBuildFile; fileRef = E2DA73A41D2E8D7F0099F374 /* AdjustViewController.swift */; };
		E2DA74001D2E8D7F0099F374 /* AddVendorViewController.swift in Sources */ = {isa = PBXBuildFile; fileRef = E2DA73A71D2E8D7F0099F374 /* AddVendorViewController.swift */; };
		E2DA74051D2E8D7F0099F374 /* StoreSetupViewController.swift in Sources */ = {isa = PBXBuildFile; fileRef = E2DA73AC1D2E8D7F0099F374 /* StoreSetupViewController.swift */; };
		E2DA74071D2E8D7F0099F374 /* AddDepartmentCell.swift in Sources */ = {isa = PBXBuildFile; fileRef = E2DA73B01D2E8D7F0099F374 /* AddDepartmentCell.swift */; };
		E2DA74081D2E8D7F0099F374 /* AddVendorCell.swift in Sources */ = {isa = PBXBuildFile; fileRef = E2DA73B11D2E8D7F0099F374 /* AddVendorCell.swift */; };
		E2DA74091D2E8D7F0099F374 /* BaseCell.swift in Sources */ = {isa = PBXBuildFile; fileRef = E2DA73B21D2E8D7F0099F374 /* BaseCell.swift */; };
		E2DA740A1D2E8D7F0099F374 /* DepartmentAndVendorCell.swift in Sources */ = {isa = PBXBuildFile; fileRef = E2DA73B31D2E8D7F0099F374 /* DepartmentAndVendorCell.swift */; };
		E2DA740B1D2E8D7F0099F374 /* IconsCell.swift in Sources */ = {isa = PBXBuildFile; fileRef = E2DA73B41D2E8D7F0099F374 /* IconsCell.swift */; };
		E2DA740C1D2E8D7F0099F374 /* InventoryCell.swift in Sources */ = {isa = PBXBuildFile; fileRef = E2DA73B51D2E8D7F0099F374 /* InventoryCell.swift */; };
		E2DA740D1D2E8D7F0099F374 /* InventoryDetailCell.swift in Sources */ = {isa = PBXBuildFile; fileRef = E2DA73B61D2E8D7F0099F374 /* InventoryDetailCell.swift */; };
		E2DA740E1D2E8D7F0099F374 /* SelectDescriptionCell.swift in Sources */ = {isa = PBXBuildFile; fileRef = E2DA73B71D2E8D7F0099F374 /* SelectDescriptionCell.swift */; };
		E2DA740F1D2E8D7F0099F374 /* SelectDetailCell.swift in Sources */ = {isa = PBXBuildFile; fileRef = E2DA73B81D2E8D7F0099F374 /* SelectDetailCell.swift */; };
		E2DA74101D2E8D7F0099F374 /* StoreSetupCell.swift in Sources */ = {isa = PBXBuildFile; fileRef = E2DA73B91D2E8D7F0099F374 /* StoreSetupCell.swift */; };
		E2DA74111D2E8D7F0099F374 /* TaxCell.swift in Sources */ = {isa = PBXBuildFile; fileRef = E2DA73BA1D2E8D7F0099F374 /* TaxCell.swift */; };
		E2DA74131D2E8D7F0099F374 /* harbortouch-webfont.ttf in Resources */ = {isa = PBXBuildFile; fileRef = E2DA73BE1D2E8D7F0099F374 /* harbortouch-webfont.ttf */; };
		E2DA74141D2E8D7F0099F374 /* Images.xcassets in Resources */ = {isa = PBXBuildFile; fileRef = E2DA73BF1D2E8D7F0099F374 /* Images.xcassets */; };
		E2DA74151D2E8D7F0099F374 /* LaunchScreen.storyboard in Resources */ = {isa = PBXBuildFile; fileRef = E2DA73C11D2E8D7F0099F374 /* LaunchScreen.storyboard */; };
		E2DA74161D2E8D7F0099F374 /* Main.storyboard in Resources */ = {isa = PBXBuildFile; fileRef = E2DA73C31D2E8D7F0099F374 /* Main.storyboard */; };
		E2DA74171D2E8D7F0099F374 /* Constant.swift in Sources */ = {isa = PBXBuildFile; fileRef = E2DA73C61D2E8D7F0099F374 /* Constant.swift */; };
		E2DA74191D2E8D7F0099F374 /* Localizable.strings in Resources */ = {isa = PBXBuildFile; fileRef = E2DA73C81D2E8D7F0099F374 /* Localizable.strings */; };
		E2DA741D1D2E8E4B0099F374 /* UserStorage.swift in Sources */ = {isa = PBXBuildFile; fileRef = E2DA741C1D2E8E4B0099F374 /* UserStorage.swift */; };
		E2DA741F1D2E90E10099F374 /* Info.plist in Resources */ = {isa = PBXBuildFile; fileRef = E2DA741E1D2E90E10099F374 /* Info.plist */; };
		E2DA74211D2E92420099F374 /* VendorTemplate.swift in Sources */ = {isa = PBXBuildFile; fileRef = E2DA74201D2E92420099F374 /* VendorTemplate.swift */; };
		E2DA742C1D2E98B90099F374 /* AddDepartmentViewController.swift in Sources */ = {isa = PBXBuildFile; fileRef = E2DA74241D2E98B90099F374 /* AddDepartmentViewController.swift */; };
		E2DA742D1D2E98B90099F374 /* AppliedItemsViewController.swift in Sources */ = {isa = PBXBuildFile; fileRef = E2DA74251D2E98B90099F374 /* AppliedItemsViewController.swift */; };
		E2DA742E1D2E98B90099F374 /* AppliedTaxesViewController.swift in Sources */ = {isa = PBXBuildFile; fileRef = E2DA74261D2E98B90099F374 /* AppliedTaxesViewController.swift */; };
		E2DA742F1D2E98B90099F374 /* DepartmentsAndVendorsViewController.swift in Sources */ = {isa = PBXBuildFile; fileRef = E2DA74271D2E98B90099F374 /* DepartmentsAndVendorsViewController.swift */; };
		E2DA74301D2E98B90099F374 /* IconsViewController.swift in Sources */ = {isa = PBXBuildFile; fileRef = E2DA74281D2E98B90099F374 /* IconsViewController.swift */; };
		E2DA74321D2E98B90099F374 /* TaxesViewController.swift in Sources */ = {isa = PBXBuildFile; fileRef = E2DA742A1D2E98B90099F374 /* TaxesViewController.swift */; };
		E2DA74341D2FBF800099F374 /* TaxeDepartmentRouter.swift in Sources */ = {isa = PBXBuildFile; fileRef = E2DA74331D2FBF800099F374 /* TaxeDepartmentRouter.swift */; };
		E2DA74361D2FC04F0099F374 /* BarcodeRouter.swift in Sources */ = {isa = PBXBuildFile; fileRef = E2DA74351D2FC04F0099F374 /* BarcodeRouter.swift */; };
		E2DA74381D2FC31A0099F374 /* ItemResponse.swift in Sources */ = {isa = PBXBuildFile; fileRef = E2DA74371D2FC31A0099F374 /* ItemResponse.swift */; };
		E2DA74421D2FF6810099F374 /* IconData.swift in Sources */ = {isa = PBXBuildFile; fileRef = E2DA74411D2FF6810099F374 /* IconData.swift */; };
/* End PBXBuildFile section */

/* Begin PBXContainerItemProxy section */
		7DFE49C61D057D4200EDF2FC /* PBXContainerItemProxy */ = {
			isa = PBXContainerItemProxy;
			containerPortal = 7DFE49A61D057D4100EDF2FC /* Project object */;
			proxyType = 1;
			remoteGlobalIDString = 7DFE49AD1D057D4100EDF2FC;
			remoteInfo = RetailInventoryToSwift;
		};
		7DFE49D11D057D4200EDF2FC /* PBXContainerItemProxy */ = {
			isa = PBXContainerItemProxy;
			containerPortal = 7DFE49A61D057D4100EDF2FC /* Project object */;
			proxyType = 1;
			remoteGlobalIDString = 7DFE49AD1D057D4100EDF2FC;
			remoteInfo = RetailInventoryToSwift;
		};
/* End PBXContainerItemProxy section */

/* Begin PBXFileReference section */
		7DFE49AE1D057D4100EDF2FC /* RetailInventoryToSwift.app */ = {isa = PBXFileReference; explicitFileType = wrapper.application; includeInIndex = 0; path = RetailInventoryToSwift.app; sourceTree = BUILT_PRODUCTS_DIR; };
		7DFE49C51D057D4200EDF2FC /* RetailInventoryToSwiftTests.xctest */ = {isa = PBXFileReference; explicitFileType = wrapper.cfbundle; includeInIndex = 0; path = RetailInventoryToSwiftTests.xctest; sourceTree = BUILT_PRODUCTS_DIR; };
		7DFE49D01D057D4200EDF2FC /* RetailInventoryToSwiftUITests.xctest */ = {isa = PBXFileReference; explicitFileType = wrapper.cfbundle; includeInIndex = 0; path = RetailInventoryToSwiftUITests.xctest; sourceTree = BUILT_PRODUCTS_DIR; };
		E203D1051D2270FA007B7F8D /* Alamofire.framework */ = {isa = PBXFileReference; lastKnownFileType = wrapper.framework; name = Alamofire.framework; path = Carthage/Build/iOS/Alamofire.framework; sourceTree = "<group>"; };
		E24F17201D2D1BAC004B6601 /* SocketIOClientSwift.framework */ = {isa = PBXFileReference; lastKnownFileType = wrapper.framework; name = SocketIOClientSwift.framework; path = Carthage/Build/iOS/SocketIOClientSwift.framework; sourceTree = "<group>"; };
		E2BAE4D41D338EAB003D5768 /* InventoryList+CoreDataProperties.swift */ = {isa = PBXFileReference; fileEncoding = 4; lastKnownFileType = sourcecode.swift; path = "InventoryList+CoreDataProperties.swift"; sourceTree = "<group>"; };
		E2BAE4D51D338EAB003D5768 /* InventoryList.swift */ = {isa = PBXFileReference; fileEncoding = 4; lastKnownFileType = sourcecode.swift; path = InventoryList.swift; sourceTree = "<group>"; };
		E2BAE4D81D338EF6003D5768 /* Set+CoreDataProperties.swift */ = {isa = PBXFileReference; fileEncoding = 4; lastKnownFileType = sourcecode.swift; path = "Set+CoreDataProperties.swift"; sourceTree = "<group>"; };
		E2BAE4D91D338EF6003D5768 /* Set.swift */ = {isa = PBXFileReference; fileEncoding = 4; lastKnownFileType = sourcecode.swift; path = Set.swift; sourceTree = "<group>"; };
		E2BAE4DA1D338EF6003D5768 /* Tag+CoreDataProperties.swift */ = {isa = PBXFileReference; fileEncoding = 4; lastKnownFileType = sourcecode.swift; path = "Tag+CoreDataProperties.swift"; sourceTree = "<group>"; };
		E2BAE4DB1D338EF6003D5768 /* Tag.swift */ = {isa = PBXFileReference; fileEncoding = 4; lastKnownFileType = sourcecode.swift; path = Tag.swift; sourceTree = "<group>"; };
		E2BAE4E01D339082003D5768 /* TagResponse.swift */ = {isa = PBXFileReference; fileEncoding = 4; lastKnownFileType = sourcecode.swift; path = TagResponse.swift; sourceTree = "<group>"; };
		E2BAE4E21D33908B003D5768 /* SetResponse.swift */ = {isa = PBXFileReference; fileEncoding = 4; lastKnownFileType = sourcecode.swift; path = SetResponse.swift; sourceTree = "<group>"; };
		E2BAE4E41D3393A3003D5768 /* TagData.swift */ = {isa = PBXFileReference; fileEncoding = 4; lastKnownFileType = sourcecode.swift; path = TagData.swift; sourceTree = "<group>"; };
		E2BAE4E61D33947D003D5768 /* SetData.swift */ = {isa = PBXFileReference; fileEncoding = 4; lastKnownFileType = sourcecode.swift; path = SetData.swift; sourceTree = "<group>"; };
		E2D0E6F21D18292F007F0265 /* MagicalRecord.framework */ = {isa = PBXFileReference; lastKnownFileType = wrapper.framework; name = MagicalRecord.framework; path = Carthage/Build/iOS/MagicalRecord.framework; sourceTree = "<group>"; };
		E2DA735E1D2E8D7F0099F374 /* AppDelegate.swift */ = {isa = PBXFileReference; fileEncoding = 4; lastKnownFileType = sourcecode.swift; path = AppDelegate.swift; sourceTree = "<group>"; };
		E2DA73611D2E8D7F0099F374 /* DataManager.swift */ = {isa = PBXFileReference; fileEncoding = 4; lastKnownFileType = sourcecode.swift; path = DataManager.swift; sourceTree = "<group>"; };
		E2DA73631D2E8D7F0099F374 /* RetailInventoryToSwift.xcdatamodel */ = {isa = PBXFileReference; lastKnownFileType = wrapper.xcdatamodel; path = RetailInventoryToSwift.xcdatamodel; sourceTree = "<group>"; };
		E2DA73651D2E8D7F0099F374 /* AddDepartmentsData.swift */ = {isa = PBXFileReference; fileEncoding = 4; lastKnownFileType = sourcecode.swift; path = AddDepartmentsData.swift; sourceTree = "<group>"; };
		E2DA73661D2E8D7F0099F374 /* AddVendorsData.swift */ = {isa = PBXFileReference; fileEncoding = 4; lastKnownFileType = sourcecode.swift; path = AddVendorsData.swift; sourceTree = "<group>"; };
		E2DA73671D2E8D7F0099F374 /* AdjustStockLevelsData.swift */ = {isa = PBXFileReference; fileEncoding = 4; lastKnownFileType = sourcecode.swift; path = AdjustStockLevelsData.swift; sourceTree = "<group>"; };
		E2DA73681D2E8D7F0099F374 /* DepartmentData.swift */ = {isa = PBXFileReference; fileEncoding = 4; lastKnownFileType = sourcecode.swift; path = DepartmentData.swift; sourceTree = "<group>"; };
		E2DA73691D2E8D7F0099F374 /* EntityMethods.swift */ = {isa = PBXFileReference; fileEncoding = 4; lastKnownFileType = sourcecode.swift; path = EntityMethods.swift; sourceTree = "<group>"; };
		E2DA736A1D2E8D7F0099F374 /* InventaryDetailData.swift */ = {isa = PBXFileReference; fileEncoding = 4; lastKnownFileType = sourcecode.swift; path = InventaryDetailData.swift; sourceTree = "<group>"; };
		E2DA736C1D2E8D7F0099F374 /* InventoryListData.swift */ = {isa = PBXFileReference; fileEncoding = 4; lastKnownFileType = sourcecode.swift; path = InventoryListData.swift; sourceTree = "<group>"; };
		E2DA736D1D2E8D7F0099F374 /* StoreSetupData.swift */ = {isa = PBXFileReference; fileEncoding = 4; lastKnownFileType = sourcecode.swift; path = StoreSetupData.swift; sourceTree = "<group>"; };
		E2DA736E1D2E8D7F0099F374 /* TaxData.swift */ = {isa = PBXFileReference; fileEncoding = 4; lastKnownFileType = sourcecode.swift; path = TaxData.swift; sourceTree = "<group>"; };
		E2DA736F1D2E8D7F0099F374 /* UserData.swift */ = {isa = PBXFileReference; fileEncoding = 4; lastKnownFileType = sourcecode.swift; path = UserData.swift; sourceTree = "<group>"; };
		E2DA73701D2E8D7F0099F374 /* VendorData.swift */ = {isa = PBXFileReference; fileEncoding = 4; lastKnownFileType = sourcecode.swift; path = VendorData.swift; sourceTree = "<group>"; };
		E2DA73721D2E8D7F0099F374 /* AddDepartments.swift */ = {isa = PBXFileReference; fileEncoding = 4; lastKnownFileType = sourcecode.swift; path = AddDepartments.swift; sourceTree = "<group>"; };
		E2DA73731D2E8D7F0099F374 /* AddVendors.swift */ = {isa = PBXFileReference; fileEncoding = 4; lastKnownFileType = sourcecode.swift; path = AddVendors.swift; sourceTree = "<group>"; };
		E2DA73741D2E8D7F0099F374 /* AdjustStockLevels+CoreDataProperties.swift */ = {isa = PBXFileReference; fileEncoding = 4; lastKnownFileType = sourcecode.swift; path = "AdjustStockLevels+CoreDataProperties.swift"; sourceTree = "<group>"; };
		E2DA73751D2E8D7F0099F374 /* AdjustStockLevels.swift */ = {isa = PBXFileReference; fileEncoding = 4; lastKnownFileType = sourcecode.swift; path = AdjustStockLevels.swift; sourceTree = "<group>"; };
		E2DA73761D2E8D7F0099F374 /* Department+CoreDataProperties.swift */ = {isa = PBXFileReference; fileEncoding = 4; lastKnownFileType = sourcecode.swift; path = "Department+CoreDataProperties.swift"; sourceTree = "<group>"; };
		E2DA73771D2E8D7F0099F374 /* Department.swift */ = {isa = PBXFileReference; fileEncoding = 4; lastKnownFileType = sourcecode.swift; path = Department.swift; sourceTree = "<group>"; };
		E2DA737C1D2E8D7F0099F374 /* DepartmentResponse.swift */ = {isa = PBXFileReference; fileEncoding = 4; lastKnownFileType = sourcecode.swift; path = DepartmentResponse.swift; sourceTree = "<group>"; };
		E2DA737D1D2E8D7F0099F374 /* TaxResponse.swift */ = {isa = PBXFileReference; fileEncoding = 4; lastKnownFileType = sourcecode.swift; path = TaxResponse.swift; sourceTree = "<group>"; };
		E2DA737F1D2E8D7F0099F374 /* StoreSetup.swift */ = {isa = PBXFileReference; fileEncoding = 4; lastKnownFileType = sourcecode.swift; path = StoreSetup.swift; sourceTree = "<group>"; };
		E2DA73801D2E8D7F0099F374 /* Tax+CoreDataProperties.swift */ = {isa = PBXFileReference; fileEncoding = 4; lastKnownFileType = sourcecode.swift; path = "Tax+CoreDataProperties.swift"; sourceTree = "<group>"; };
		E2DA73811D2E8D7F0099F374 /* Tax.swift */ = {isa = PBXFileReference; fileEncoding = 4; lastKnownFileType = sourcecode.swift; path = Tax.swift; sourceTree = "<group>"; };
		E2DA73831D2E8D7F0099F374 /* DepartmentTemplate.swift */ = {isa = PBXFileReference; fileEncoding = 4; lastKnownFileType = sourcecode.swift; path = DepartmentTemplate.swift; sourceTree = "<group>"; };
		E2DA73841D2E8D7F0099F374 /* TaxTemplate.swift */ = {isa = PBXFileReference; fileEncoding = 4; lastKnownFileType = sourcecode.swift; path = TaxTemplate.swift; sourceTree = "<group>"; };
		E2DA73851D2E8D7F0099F374 /* User+CoreDataProperties.swift */ = {isa = PBXFileReference; fileEncoding = 4; lastKnownFileType = sourcecode.swift; path = "User+CoreDataProperties.swift"; sourceTree = "<group>"; };
		E2DA73861D2E8D7F0099F374 /* User.swift */ = {isa = PBXFileReference; fileEncoding = 4; lastKnownFileType = sourcecode.swift; path = User.swift; sourceTree = "<group>"; };
		E2DA73871D2E8D7F0099F374 /* Vendor+CoreDataProperties.swift */ = {isa = PBXFileReference; fileEncoding = 4; lastKnownFileType = sourcecode.swift; path = "Vendor+CoreDataProperties.swift"; sourceTree = "<group>"; };
		E2DA73881D2E8D7F0099F374 /* Vendor.swift */ = {isa = PBXFileReference; fileEncoding = 4; lastKnownFileType = sourcecode.swift; path = Vendor.swift; sourceTree = "<group>"; };
		E2DA738B1D2E8D7F0099F374 /* NetworkLoader.swift */ = {isa = PBXFileReference; fileEncoding = 4; lastKnownFileType = sourcecode.swift; path = NetworkLoader.swift; sourceTree = "<group>"; };
		E2DA738C1D2E8D7F0099F374 /* SocketClient.swift */ = {isa = PBXFileReference; fileEncoding = 4; lastKnownFileType = sourcecode.swift; path = SocketClient.swift; sourceTree = "<group>"; };
		E2DA73911D2E8D7F0099F374 /* NavigationBar.swift */ = {isa = PBXFileReference; fileEncoding = 4; lastKnownFileType = sourcecode.swift; path = NavigationBar.swift; sourceTree = "<group>"; };
		E2DA73921D2E8D7F0099F374 /* String.swift */ = {isa = PBXFileReference; fileEncoding = 4; lastKnownFileType = sourcecode.swift; path = String.swift; sourceTree = "<group>"; };
		E2DA73931D2E8D7F0099F374 /* TableView.swift */ = {isa = PBXFileReference; fileEncoding = 4; lastKnownFileType = sourcecode.swift; path = TableView.swift; sourceTree = "<group>"; };
		E2DA73961D2E8D7F0099F374 /* LogInViewController.swift */ = {isa = PBXFileReference; fileEncoding = 4; lastKnownFileType = sourcecode.swift; path = LogInViewController.swift; sourceTree = "<group>"; };
		E2DA73981D2E8D7F0099F374 /* BaseViewController.swift */ = {isa = PBXFileReference; fileEncoding = 4; lastKnownFileType = sourcecode.swift; path = BaseViewController.swift; sourceTree = "<group>"; };
		E2DA739A1D2E8D7F0099F374 /* InventoryController.swift */ = {isa = PBXFileReference; fileEncoding = 4; lastKnownFileType = sourcecode.swift; path = InventoryController.swift; sourceTree = "<group>"; };
		E2DA739B1D2E8D7F0099F374 /* InventoryDetailController.swift */ = {isa = PBXFileReference; fileEncoding = 4; lastKnownFileType = sourcecode.swift; path = InventoryDetailController.swift; sourceTree = "<group>"; };
		E2DA739C1D2E8D7F0099F374 /* SelectDescriptionController.swift */ = {isa = PBXFileReference; fileEncoding = 4; lastKnownFileType = sourcecode.swift; path = SelectDescriptionController.swift; sourceTree = "<group>"; };
		E2DA739D1D2E8D7F0099F374 /* SelectDetailController.swift */ = {isa = PBXFileReference; fileEncoding = 4; lastKnownFileType = sourcecode.swift; path = SelectDetailController.swift; sourceTree = "<group>"; };
		E2DA739F1D2E8D7F0099F374 /* MenuViewController.swift */ = {isa = PBXFileReference; fileEncoding = 4; lastKnownFileType = sourcecode.swift; path = MenuViewController.swift; sourceTree = "<group>"; };
		E2DA73A21D2E8D7F0099F374 /* ScanController.swift */ = {isa = PBXFileReference; fileEncoding = 4; lastKnownFileType = sourcecode.swift; path = ScanController.swift; sourceTree = "<group>"; };
		E2DA73A41D2E8D7F0099F374 /* AdjustViewController.swift */ = {isa = PBXFileReference; fileEncoding = 4; lastKnownFileType = sourcecode.swift; path = AdjustViewController.swift; sourceTree = "<group>"; };
		E2DA73A71D2E8D7F0099F374 /* AddVendorViewController.swift */ = {isa = PBXFileReference; fileEncoding = 4; lastKnownFileType = sourcecode.swift; path = AddVendorViewController.swift; sourceTree = "<group>"; };
		E2DA73AC1D2E8D7F0099F374 /* StoreSetupViewController.swift */ = {isa = PBXFileReference; fileEncoding = 4; lastKnownFileType = sourcecode.swift; path = StoreSetupViewController.swift; sourceTree = "<group>"; };
		E2DA73B01D2E8D7F0099F374 /* AddDepartmentCell.swift */ = {isa = PBXFileReference; fileEncoding = 4; lastKnownFileType = sourcecode.swift; path = AddDepartmentCell.swift; sourceTree = "<group>"; };
		E2DA73B11D2E8D7F0099F374 /* AddVendorCell.swift */ = {isa = PBXFileReference; fileEncoding = 4; lastKnownFileType = sourcecode.swift; path = AddVendorCell.swift; sourceTree = "<group>"; };
		E2DA73B21D2E8D7F0099F374 /* BaseCell.swift */ = {isa = PBXFileReference; fileEncoding = 4; lastKnownFileType = sourcecode.swift; path = BaseCell.swift; sourceTree = "<group>"; };
		E2DA73B31D2E8D7F0099F374 /* DepartmentAndVendorCell.swift */ = {isa = PBXFileReference; fileEncoding = 4; lastKnownFileType = sourcecode.swift; path = DepartmentAndVendorCell.swift; sourceTree = "<group>"; };
		E2DA73B41D2E8D7F0099F374 /* IconsCell.swift */ = {isa = PBXFileReference; fileEncoding = 4; lastKnownFileType = sourcecode.swift; path = IconsCell.swift; sourceTree = "<group>"; };
		E2DA73B51D2E8D7F0099F374 /* InventoryCell.swift */ = {isa = PBXFileReference; fileEncoding = 4; lastKnownFileType = sourcecode.swift; path = InventoryCell.swift; sourceTree = "<group>"; };
		E2DA73B61D2E8D7F0099F374 /* InventoryDetailCell.swift */ = {isa = PBXFileReference; fileEncoding = 4; lastKnownFileType = sourcecode.swift; path = InventoryDetailCell.swift; sourceTree = "<group>"; };
		E2DA73B71D2E8D7F0099F374 /* SelectDescriptionCell.swift */ = {isa = PBXFileReference; fileEncoding = 4; lastKnownFileType = sourcecode.swift; path = SelectDescriptionCell.swift; sourceTree = "<group>"; };
		E2DA73B81D2E8D7F0099F374 /* SelectDetailCell.swift */ = {isa = PBXFileReference; fileEncoding = 4; lastKnownFileType = sourcecode.swift; path = SelectDetailCell.swift; sourceTree = "<group>"; };
		E2DA73B91D2E8D7F0099F374 /* StoreSetupCell.swift */ = {isa = PBXFileReference; fileEncoding = 4; lastKnownFileType = sourcecode.swift; path = StoreSetupCell.swift; sourceTree = "<group>"; };
		E2DA73BA1D2E8D7F0099F374 /* TaxCell.swift */ = {isa = PBXFileReference; fileEncoding = 4; lastKnownFileType = sourcecode.swift; path = TaxCell.swift; sourceTree = "<group>"; };
		E2DA73BE1D2E8D7F0099F374 /* harbortouch-webfont.ttf */ = {isa = PBXFileReference; lastKnownFileType = file; path = "harbortouch-webfont.ttf"; sourceTree = "<group>"; };
		E2DA73BF1D2E8D7F0099F374 /* Images.xcassets */ = {isa = PBXFileReference; lastKnownFileType = folder.assetcatalog; path = Images.xcassets; sourceTree = "<group>"; };
		E2DA73C21D2E8D7F0099F374 /* Base */ = {isa = PBXFileReference; lastKnownFileType = file.storyboard; name = Base; path = Base.lproj/LaunchScreen.storyboard; sourceTree = "<group>"; };
		E2DA73C41D2E8D7F0099F374 /* Base */ = {isa = PBXFileReference; lastKnownFileType = file.storyboard; name = Base; path = Base.lproj/Main.storyboard; sourceTree = "<group>"; };
		E2DA73C61D2E8D7F0099F374 /* Constant.swift */ = {isa = PBXFileReference; fileEncoding = 4; lastKnownFileType = sourcecode.swift; path = Constant.swift; sourceTree = "<group>"; };
		E2DA73C81D2E8D7F0099F374 /* Localizable.strings */ = {isa = PBXFileReference; fileEncoding = 4; lastKnownFileType = text.plist.strings; path = Localizable.strings; sourceTree = "<group>"; };
		E2DA741C1D2E8E4B0099F374 /* UserStorage.swift */ = {isa = PBXFileReference; fileEncoding = 4; lastKnownFileType = sourcecode.swift; path = UserStorage.swift; sourceTree = "<group>"; };
		E2DA741E1D2E90E10099F374 /* Info.plist */ = {isa = PBXFileReference; fileEncoding = 4; lastKnownFileType = text.plist.xml; path = Info.plist; sourceTree = "<group>"; };
		E2DA74201D2E92420099F374 /* VendorTemplate.swift */ = {isa = PBXFileReference; fileEncoding = 4; lastKnownFileType = sourcecode.swift; path = VendorTemplate.swift; sourceTree = "<group>"; };
		E2DA74241D2E98B90099F374 /* AddDepartmentViewController.swift */ = {isa = PBXFileReference; fileEncoding = 4; lastKnownFileType = sourcecode.swift; path = AddDepartmentViewController.swift; sourceTree = "<group>"; };
		E2DA74251D2E98B90099F374 /* AppliedItemsViewController.swift */ = {isa = PBXFileReference; fileEncoding = 4; lastKnownFileType = sourcecode.swift; path = AppliedItemsViewController.swift; sourceTree = "<group>"; };
		E2DA74261D2E98B90099F374 /* AppliedTaxesViewController.swift */ = {isa = PBXFileReference; fileEncoding = 4; lastKnownFileType = sourcecode.swift; path = AppliedTaxesViewController.swift; sourceTree = "<group>"; };
		E2DA74271D2E98B90099F374 /* DepartmentsAndVendorsViewController.swift */ = {isa = PBXFileReference; fileEncoding = 4; lastKnownFileType = sourcecode.swift; path = DepartmentsAndVendorsViewController.swift; sourceTree = "<group>"; };
		E2DA74281D2E98B90099F374 /* IconsViewController.swift */ = {isa = PBXFileReference; fileEncoding = 4; lastKnownFileType = sourcecode.swift; path = IconsViewController.swift; sourceTree = "<group>"; };
		E2DA742A1D2E98B90099F374 /* TaxesViewController.swift */ = {isa = PBXFileReference; fileEncoding = 4; lastKnownFileType = sourcecode.swift; path = TaxesViewController.swift; sourceTree = "<group>"; };
		E2DA74331D2FBF800099F374 /* TaxeDepartmentRouter.swift */ = {isa = PBXFileReference; fileEncoding = 4; lastKnownFileType = sourcecode.swift; path = TaxeDepartmentRouter.swift; sourceTree = "<group>"; };
		E2DA74351D2FC04F0099F374 /* BarcodeRouter.swift */ = {isa = PBXFileReference; fileEncoding = 4; lastKnownFileType = sourcecode.swift; path = BarcodeRouter.swift; sourceTree = "<group>"; };
		E2DA74371D2FC31A0099F374 /* ItemResponse.swift */ = {isa = PBXFileReference; fileEncoding = 4; lastKnownFileType = sourcecode.swift; path = ItemResponse.swift; sourceTree = "<group>"; };
		E2DA74411D2FF6810099F374 /* IconData.swift */ = {isa = PBXFileReference; fileEncoding = 4; lastKnownFileType = sourcecode.swift; path = IconData.swift; sourceTree = "<group>"; };
/* End PBXFileReference section */

/* Begin PBXFrameworksBuildPhase section */
		7DFE49AB1D057D4100EDF2FC /* Frameworks */ = {
			isa = PBXFrameworksBuildPhase;
			buildActionMask = 2147483647;
			files = (
				E2D0E6F61D18292F007F0265 /* MagicalRecord.framework in Frameworks */,
				E203D1061D2270FA007B7F8D /* Alamofire.framework in Frameworks */,
				E24F17211D2D1BAC004B6601 /* SocketIOClientSwift.framework in Frameworks */,
			);
			runOnlyForDeploymentPostprocessing = 0;
		};
		7DFE49C21D057D4200EDF2FC /* Frameworks */ = {
			isa = PBXFrameworksBuildPhase;
			buildActionMask = 2147483647;
			files = (
			);
			runOnlyForDeploymentPostprocessing = 0;
		};
		7DFE49CD1D057D4200EDF2FC /* Frameworks */ = {
			isa = PBXFrameworksBuildPhase;
			buildActionMask = 2147483647;
			files = (
			);
			runOnlyForDeploymentPostprocessing = 0;
		};
/* End PBXFrameworksBuildPhase section */

/* Begin PBXGroup section */
		7DFE49A51D057D4100EDF2FC = {
			isa = PBXGroup;
			children = (
				7DFE49B01D057D4100EDF2FC /* RetailInventoryToSwift */,
				E2DA741B1D2E8D8B0099F374 /* Frameworks */,
				7DFE49AF1D057D4100EDF2FC /* Products */,
			);
			sourceTree = "<group>";
		};
		7DFE49AF1D057D4100EDF2FC /* Products */ = {
			isa = PBXGroup;
			children = (
				7DFE49AE1D057D4100EDF2FC /* RetailInventoryToSwift.app */,
				7DFE49C51D057D4200EDF2FC /* RetailInventoryToSwiftTests.xctest */,
				7DFE49D01D057D4200EDF2FC /* RetailInventoryToSwiftUITests.xctest */,
			);
			name = Products;
			sourceTree = "<group>";
		};
		7DFE49B01D057D4100EDF2FC /* RetailInventoryToSwift */ = {
			isa = PBXGroup;
			children = (
				E2DA741E1D2E90E10099F374 /* Info.plist */,
				E2DA735D1D2E8D7F0099F374 /* Classes */,
				E2DA73BB1D2E8D7F0099F374 /* Resources */,
				E2DA73C51D2E8D7F0099F374 /* Supporting files */,
			);
			path = RetailInventoryToSwift;
			sourceTree = "<group>";
		};
		E2DA735D1D2E8D7F0099F374 /* Classes */ = {
			isa = PBXGroup;
			children = (
				E2DA735E1D2E8D7F0099F374 /* AppDelegate.swift */,
				E2DA735F1D2E8D7F0099F374 /* Model */,
				E2DA73941D2E8D7F0099F374 /* ViewControllers */,
				E2DA73AE1D2E8D7F0099F374 /* Views */,
			);
			path = Classes;
			sourceTree = "<group>";
		};
		E2DA735F1D2E8D7F0099F374 /* Model */ = {
			isa = PBXGroup;
			children = (
				E2DA73711D2E8D7F0099F374 /* Entity */,
				E2DA73641D2E8D7F0099F374 /* DataSource */,
				E2DA73601D2E8D7F0099F374 /* CoreData */,
				E2DA738A1D2E8D7F0099F374 /* Networking */,
				E2DA738D1D2E8D7F0099F374 /* Storage */,
				E2DA73901D2E8D7F0099F374 /* Utils */,
			);
			path = Model;
			sourceTree = "<group>";
		};
		E2DA73601D2E8D7F0099F374 /* CoreData */ = {
			isa = PBXGroup;
			children = (
				E2DA73611D2E8D7F0099F374 /* DataManager.swift */,
				E2DA73621D2E8D7F0099F374 /* RetailInventoryToSwift.xcdatamodeld */,
			);
			path = CoreData;
			sourceTree = "<group>";
		};
		E2DA73641D2E8D7F0099F374 /* DataSource */ = {
			isa = PBXGroup;
			children = (
				E2DA74411D2FF6810099F374 /* IconData.swift */,
				E2DA73651D2E8D7F0099F374 /* AddDepartmentsData.swift */,
				E2DA73661D2E8D7F0099F374 /* AddVendorsData.swift */,
				E2DA73671D2E8D7F0099F374 /* AdjustStockLevelsData.swift */,
				E2DA73681D2E8D7F0099F374 /* DepartmentData.swift */,
				E2DA73691D2E8D7F0099F374 /* EntityMethods.swift */,
				E2DA736A1D2E8D7F0099F374 /* InventaryDetailData.swift */,
				E2DA736C1D2E8D7F0099F374 /* InventoryListData.swift */,
				E2DA736D1D2E8D7F0099F374 /* StoreSetupData.swift */,
				E2DA736E1D2E8D7F0099F374 /* TaxData.swift */,
				E2DA736F1D2E8D7F0099F374 /* UserData.swift */,
				E2DA73701D2E8D7F0099F374 /* VendorData.swift */,
				E2BAE4E41D3393A3003D5768 /* TagData.swift */,
				E2BAE4E61D33947D003D5768 /* SetData.swift */,
			);
			path = DataSource;
			sourceTree = "<group>";
		};
		E2DA73711D2E8D7F0099F374 /* Entity */ = {
			isa = PBXGroup;
			children = (
				E2DA73821D2E8D7F0099F374 /* Template */,
				E2DA737B1D2E8D7F0099F374 /* NetworkEntity */,
				E2DA73721D2E8D7F0099F374 /* AddDepartments.swift */,
				E2DA73731D2E8D7F0099F374 /* AddVendors.swift */,
				E2DA73741D2E8D7F0099F374 /* AdjustStockLevels+CoreDataProperties.swift */,
				E2DA73751D2E8D7F0099F374 /* AdjustStockLevels.swift */,
				E2DA73761D2E8D7F0099F374 /* Department+CoreDataProperties.swift */,
				E2DA73771D2E8D7F0099F374 /* Department.swift */,
				E2DA737F1D2E8D7F0099F374 /* StoreSetup.swift */,
				E2DA73801D2E8D7F0099F374 /* Tax+CoreDataProperties.swift */,
				E2DA73811D2E8D7F0099F374 /* Tax.swift */,
				E2DA73851D2E8D7F0099F374 /* User+CoreDataProperties.swift */,
				E2DA73861D2E8D7F0099F374 /* User.swift */,
				E2DA73871D2E8D7F0099F374 /* Vendor+CoreDataProperties.swift */,
				E2DA73881D2E8D7F0099F374 /* Vendor.swift */,
				E2BAE4D41D338EAB003D5768 /* InventoryList+CoreDataProperties.swift */,
				E2BAE4D51D338EAB003D5768 /* InventoryList.swift */,
				E2BAE4D81D338EF6003D5768 /* Set+CoreDataProperties.swift */,
				E2BAE4D91D338EF6003D5768 /* Set.swift */,
				E2BAE4DA1D338EF6003D5768 /* Tag+CoreDataProperties.swift */,
				E2BAE4DB1D338EF6003D5768 /* Tag.swift */,
			);
			path = Entity;
			sourceTree = "<group>";
		};
		E2DA737B1D2E8D7F0099F374 /* NetworkEntity */ = {
			isa = PBXGroup;
			children = (
				E2DA737C1D2E8D7F0099F374 /* DepartmentResponse.swift */,
				E2DA737D1D2E8D7F0099F374 /* TaxResponse.swift */,
				E2DA74371D2FC31A0099F374 /* ItemResponse.swift */,
				E2BAE4E01D339082003D5768 /* TagResponse.swift */,
				E2BAE4E21D33908B003D5768 /* SetResponse.swift */,
			);
			path = NetworkEntity;
			sourceTree = "<group>";
		};
		E2DA73821D2E8D7F0099F374 /* Template */ = {
			isa = PBXGroup;
			children = (
				E2DA74201D2E92420099F374 /* VendorTemplate.swift */,
				E2DA73831D2E8D7F0099F374 /* DepartmentTemplate.swift */,
				E2DA73841D2E8D7F0099F374 /* TaxTemplate.swift */,
			);
			path = Template;
			sourceTree = "<group>";
		};
		E2DA738A1D2E8D7F0099F374 /* Networking */ = {
			isa = PBXGroup;
			children = (
				E2DA74351D2FC04F0099F374 /* BarcodeRouter.swift */,
				E2DA74331D2FBF800099F374 /* TaxeDepartmentRouter.swift */,
				E2DA738B1D2E8D7F0099F374 /* NetworkLoader.swift */,
				E2DA738C1D2E8D7F0099F374 /* SocketClient.swift */,
			);
			path = Networking;
			sourceTree = "<group>";
		};
		E2DA738D1D2E8D7F0099F374 /* Storage */ = {
			isa = PBXGroup;
			children = (
				E2DA741C1D2E8E4B0099F374 /* UserStorage.swift */,
			);
			path = Storage;
			sourceTree = "<group>";
		};
		E2DA73901D2E8D7F0099F374 /* Utils */ = {
			isa = PBXGroup;
			children = (
				E2DA73911D2E8D7F0099F374 /* NavigationBar.swift */,
				E2DA73921D2E8D7F0099F374 /* String.swift */,
				E2DA73931D2E8D7F0099F374 /* TableView.swift */,
			);
			path = Utils;
			sourceTree = "<group>";
		};
		E2DA73941D2E8D7F0099F374 /* ViewControllers */ = {
			isa = PBXGroup;
			children = (
				E2DA73951D2E8D7F0099F374 /* Auth */,
				E2DA73971D2E8D7F0099F374 /* Base */,
				E2DA73991D2E8D7F0099F374 /* Inventory */,
				E2DA739E1D2E8D7F0099F374 /* Main */,
				E2DA73A01D2E8D7F0099F374 /* Scan */,
				E2DA73A31D2E8D7F0099F374 /* StockLevels */,
				E2DA73A51D2E8D7F0099F374 /* StoreSetup */,
			);
			path = ViewControllers;
			sourceTree = "<group>";
		};
		E2DA73951D2E8D7F0099F374 /* Auth */ = {
			isa = PBXGroup;
			children = (
				E2DA73961D2E8D7F0099F374 /* LogInViewController.swift */,
			);
			path = Auth;
			sourceTree = "<group>";
		};
		E2DA73971D2E8D7F0099F374 /* Base */ = {
			isa = PBXGroup;
			children = (
				E2DA73981D2E8D7F0099F374 /* BaseViewController.swift */,
			);
			path = Base;
			sourceTree = "<group>";
		};
		E2DA73991D2E8D7F0099F374 /* Inventory */ = {
			isa = PBXGroup;
			children = (
				E2DA739A1D2E8D7F0099F374 /* InventoryController.swift */,
				E2DA739B1D2E8D7F0099F374 /* InventoryDetailController.swift */,
				E2DA739C1D2E8D7F0099F374 /* SelectDescriptionController.swift */,
				E2DA739D1D2E8D7F0099F374 /* SelectDetailController.swift */,
			);
			path = Inventory;
			sourceTree = "<group>";
		};
		E2DA739E1D2E8D7F0099F374 /* Main */ = {
			isa = PBXGroup;
			children = (
				E2DA739F1D2E8D7F0099F374 /* MenuViewController.swift */,
			);
			path = Main;
			sourceTree = "<group>";
		};
		E2DA73A01D2E8D7F0099F374 /* Scan */ = {
			isa = PBXGroup;
			children = (
				E2DA73A21D2E8D7F0099F374 /* ScanController.swift */,
			);
			path = Scan;
			sourceTree = "<group>";
		};
		E2DA73A31D2E8D7F0099F374 /* StockLevels */ = {
			isa = PBXGroup;
			children = (
				E2DA73A41D2E8D7F0099F374 /* AdjustViewController.swift */,
			);
			path = StockLevels;
			sourceTree = "<group>";
		};
		E2DA73A51D2E8D7F0099F374 /* StoreSetup */ = {
			isa = PBXGroup;
			children = (
				E2DA74231D2E98B90099F374 /* Departments */,
				E2DA742A1D2E98B90099F374 /* TaxesViewController.swift */,
				E2DA73A71D2E8D7F0099F374 /* AddVendorViewController.swift */,
				E2DA73AC1D2E8D7F0099F374 /* StoreSetupViewController.swift */,
			);
			path = StoreSetup;
			sourceTree = "<group>";
		};
		E2DA73AE1D2E8D7F0099F374 /* Views */ = {
			isa = PBXGroup;
			children = (
				E2DA73AF1D2E8D7F0099F374 /* Cells */,
			);
			path = Views;
			sourceTree = "<group>";
		};
		E2DA73AF1D2E8D7F0099F374 /* Cells */ = {
			isa = PBXGroup;
			children = (
				E2DA73B01D2E8D7F0099F374 /* AddDepartmentCell.swift */,
				E2DA73B11D2E8D7F0099F374 /* AddVendorCell.swift */,
				E2DA73B21D2E8D7F0099F374 /* BaseCell.swift */,
				E2DA73B31D2E8D7F0099F374 /* DepartmentAndVendorCell.swift */,
				E2DA73B41D2E8D7F0099F374 /* IconsCell.swift */,
				E2DA73B51D2E8D7F0099F374 /* InventoryCell.swift */,
				E2DA73B61D2E8D7F0099F374 /* InventoryDetailCell.swift */,
				E2DA73B71D2E8D7F0099F374 /* SelectDescriptionCell.swift */,
				E2DA73B81D2E8D7F0099F374 /* SelectDetailCell.swift */,
				E2DA73B91D2E8D7F0099F374 /* StoreSetupCell.swift */,
				E2DA73BA1D2E8D7F0099F374 /* TaxCell.swift */,
			);
			path = Cells;
			sourceTree = "<group>";
		};
		E2DA73BB1D2E8D7F0099F374 /* Resources */ = {
			isa = PBXGroup;
			children = (
				E2DA73BD1D2E8D7F0099F374 /* fonts */,
				E2DA73BF1D2E8D7F0099F374 /* Images.xcassets */,
				E2DA73C01D2E8D7F0099F374 /* StoryBoards */,
			);
			path = Resources;
			sourceTree = "<group>";
		};
		E2DA73BD1D2E8D7F0099F374 /* fonts */ = {
			isa = PBXGroup;
			children = (
				E2DA73BE1D2E8D7F0099F374 /* harbortouch-webfont.ttf */,
			);
			path = fonts;
			sourceTree = "<group>";
		};
		E2DA73C01D2E8D7F0099F374 /* StoryBoards */ = {
			isa = PBXGroup;
			children = (
				E2DA73C11D2E8D7F0099F374 /* LaunchScreen.storyboard */,
				E2DA73C31D2E8D7F0099F374 /* Main.storyboard */,
			);
			path = StoryBoards;
			sourceTree = "<group>";
		};
		E2DA73C51D2E8D7F0099F374 /* Supporting files */ = {
			isa = PBXGroup;
			children = (
				E2DA73C61D2E8D7F0099F374 /* Constant.swift */,
				E2DA73C81D2E8D7F0099F374 /* Localizable.strings */,
			);
			path = "Supporting files";
			sourceTree = "<group>";
		};
		E2DA741B1D2E8D8B0099F374 /* Frameworks */ = {
			isa = PBXGroup;
			children = (
				E24F17201D2D1BAC004B6601 /* SocketIOClientSwift.framework */,
				E203D1051D2270FA007B7F8D /* Alamofire.framework */,
				E2D0E6F21D18292F007F0265 /* MagicalRecord.framework */,
			);
			name = Frameworks;
			sourceTree = "<group>";
		};
		E2DA74231D2E98B90099F374 /* Departments */ = {
			isa = PBXGroup;
			children = (
				E2DA74241D2E98B90099F374 /* AddDepartmentViewController.swift */,
				E2DA74251D2E98B90099F374 /* AppliedItemsViewController.swift */,
				E2DA74261D2E98B90099F374 /* AppliedTaxesViewController.swift */,
				E2DA74271D2E98B90099F374 /* DepartmentsAndVendorsViewController.swift */,
				E2DA74281D2E98B90099F374 /* IconsViewController.swift */,
			);
			path = Departments;
			sourceTree = "<group>";
		};
/* End PBXGroup section */

/* Begin PBXNativeTarget section */
		7DFE49AD1D057D4100EDF2FC /* RetailInventoryToSwift */ = {
			isa = PBXNativeTarget;
			buildConfigurationList = 7DFE49D91D057D4200EDF2FC /* Build configuration list for PBXNativeTarget "RetailInventoryToSwift" */;
			buildPhases = (
				7DFE49AA1D057D4100EDF2FC /* Sources */,
				7DFE49AB1D057D4100EDF2FC /* Frameworks */,
				7DFE49AC1D057D4100EDF2FC /* Resources */,
				E2D0E6F81D1829B3007F0265 /* ShellScript */,
			);
			buildRules = (
			);
			dependencies = (
			);
			name = RetailInventoryToSwift;
			productName = RetailInventoryToSwift;
			productReference = 7DFE49AE1D057D4100EDF2FC /* RetailInventoryToSwift.app */;
			productType = "com.apple.product-type.application";
		};
		7DFE49C41D057D4200EDF2FC /* RetailInventoryToSwiftTests */ = {
			isa = PBXNativeTarget;
			buildConfigurationList = 7DFE49DC1D057D4200EDF2FC /* Build configuration list for PBXNativeTarget "RetailInventoryToSwiftTests" */;
			buildPhases = (
				7DFE49C11D057D4200EDF2FC /* Sources */,
				7DFE49C21D057D4200EDF2FC /* Frameworks */,
				7DFE49C31D057D4200EDF2FC /* Resources */,
			);
			buildRules = (
			);
			dependencies = (
				7DFE49C71D057D4200EDF2FC /* PBXTargetDependency */,
			);
			name = RetailInventoryToSwiftTests;
			productName = RetailInventoryToSwiftTests;
			productReference = 7DFE49C51D057D4200EDF2FC /* RetailInventoryToSwiftTests.xctest */;
			productType = "com.apple.product-type.bundle.unit-test";
		};
		7DFE49CF1D057D4200EDF2FC /* RetailInventoryToSwiftUITests */ = {
			isa = PBXNativeTarget;
			buildConfigurationList = 7DFE49DF1D057D4200EDF2FC /* Build configuration list for PBXNativeTarget "RetailInventoryToSwiftUITests" */;
			buildPhases = (
				7DFE49CC1D057D4200EDF2FC /* Sources */,
				7DFE49CD1D057D4200EDF2FC /* Frameworks */,
				7DFE49CE1D057D4200EDF2FC /* Resources */,
			);
			buildRules = (
			);
			dependencies = (
				7DFE49D21D057D4200EDF2FC /* PBXTargetDependency */,
			);
			name = RetailInventoryToSwiftUITests;
			productName = RetailInventoryToSwiftUITests;
			productReference = 7DFE49D01D057D4200EDF2FC /* RetailInventoryToSwiftUITests.xctest */;
			productType = "com.apple.product-type.bundle.ui-testing";
		};
/* End PBXNativeTarget section */

/* Begin PBXProject section */
		7DFE49A61D057D4100EDF2FC /* Project object */ = {
			isa = PBXProject;
			attributes = {
				LastSwiftUpdateCheck = 0730;
				LastUpgradeCheck = 0730;
				ORGANIZATIONNAME = "Anashkin, Evgeny";
				TargetAttributes = {
					7DFE49AD1D057D4100EDF2FC = {
						CreatedOnToolsVersion = 7.3.1;
					};
					7DFE49C41D057D4200EDF2FC = {
						CreatedOnToolsVersion = 7.3.1;
						TestTargetID = 7DFE49AD1D057D4100EDF2FC;
					};
					7DFE49CF1D057D4200EDF2FC = {
						CreatedOnToolsVersion = 7.3.1;
						TestTargetID = 7DFE49AD1D057D4100EDF2FC;
					};
				};
			};
			buildConfigurationList = 7DFE49A91D057D4100EDF2FC /* Build configuration list for PBXProject "RetailInventorySwift" */;
			compatibilityVersion = "Xcode 3.2";
			developmentRegion = English;
			hasScannedForEncodings = 0;
			knownRegions = (
				en,
				Base,
			);
			mainGroup = 7DFE49A51D057D4100EDF2FC;
			productRefGroup = 7DFE49AF1D057D4100EDF2FC /* Products */;
			projectDirPath = "";
			projectRoot = "";
			targets = (
				7DFE49AD1D057D4100EDF2FC /* RetailInventoryToSwift */,
				7DFE49C41D057D4200EDF2FC /* RetailInventoryToSwiftTests */,
				7DFE49CF1D057D4200EDF2FC /* RetailInventoryToSwiftUITests */,
			);
		};
/* End PBXProject section */

/* Begin PBXResourcesBuildPhase section */
		7DFE49AC1D057D4100EDF2FC /* Resources */ = {
			isa = PBXResourcesBuildPhase;
			buildActionMask = 2147483647;
			files = (
				E2DA74131D2E8D7F0099F374 /* harbortouch-webfont.ttf in Resources */,
				E2DA74141D2E8D7F0099F374 /* Images.xcassets in Resources */,
				E2DA741F1D2E90E10099F374 /* Info.plist in Resources */,
				E2DA74161D2E8D7F0099F374 /* Main.storyboard in Resources */,
				E2DA74151D2E8D7F0099F374 /* LaunchScreen.storyboard in Resources */,
				E2DA74191D2E8D7F0099F374 /* Localizable.strings in Resources */,
				7DFE49B71D057D4100EDF2FC /* (null) in Resources */,
			);
			runOnlyForDeploymentPostprocessing = 0;
		};
		7DFE49C31D057D4200EDF2FC /* Resources */ = {
			isa = PBXResourcesBuildPhase;
			buildActionMask = 2147483647;
			files = (
			);
			runOnlyForDeploymentPostprocessing = 0;
		};
		7DFE49CE1D057D4200EDF2FC /* Resources */ = {
			isa = PBXResourcesBuildPhase;
			buildActionMask = 2147483647;
			files = (
			);
			runOnlyForDeploymentPostprocessing = 0;
		};
/* End PBXResourcesBuildPhase section */

/* Begin PBXShellScriptBuildPhase section */
		E2D0E6F81D1829B3007F0265 /* ShellScript */ = {
			isa = PBXShellScriptBuildPhase;
			buildActionMask = 12;
			files = (
			);
			inputPaths = (
				"$(SRCROOT)/Carthage/Build/iOS/MagicalRecord.framework",
				"$(SRCROOT)/Carthage/Build/iOS/Alamofire.framework",
				"$(SRCROOT)/Carthage/Build/iOS/SocketIOClientSwift.framework",
			);
			outputPaths = (
			);
			runOnlyForDeploymentPostprocessing = 0;
			shellPath = /bin/sh;
			shellScript = "carthage copy-frameworks";
		};
/* End PBXShellScriptBuildPhase section */

/* Begin PBXSourcesBuildPhase section */
		7DFE49AA1D057D4100EDF2FC /* Sources */ = {
			isa = PBXSourcesBuildPhase;
			buildActionMask = 2147483647;
			files = (
				E2DA740B1D2E8D7F0099F374 /* IconsCell.swift in Sources */,
				E2BAE4E71D33947D003D5768 /* SetData.swift in Sources */,
				E2DA74051D2E8D7F0099F374 /* StoreSetupViewController.swift in Sources */,
				E2BAE4DE1D338EF6003D5768 /* Tag+CoreDataProperties.swift in Sources */,
				E2DA73CC1D2E8D7F0099F374 /* RetailInventoryToSwift.xcdatamodeld in Sources */,
				E2DA73FD1D2E8D7F0099F374 /* ScanController.swift in Sources */,
				E2DA73D41D2E8D7F0099F374 /* InventoryListData.swift in Sources */,
				E2BAE4DD1D338EF6003D5768 /* Set.swift in Sources */,
				E2DA74091D2E8D7F0099F374 /* BaseCell.swift in Sources */,
				E2DA74421D2FF6810099F374 /* IconData.swift in Sources */,
				E2DA73F31D2E8D7F0099F374 /* String.swift in Sources */,
				E2DA73FB1D2E8D7F0099F374 /* MenuViewController.swift in Sources */,
				E2DA74071D2E8D7F0099F374 /* AddDepartmentCell.swift in Sources */,
				E2DA74001D2E8D7F0099F374 /* AddVendorViewController.swift in Sources */,
				E2DA74171D2E8D7F0099F374 /* Constant.swift in Sources */,
				E2DA742D1D2E98B90099F374 /* AppliedItemsViewController.swift in Sources */,
				E2DA73E71D2E8D7F0099F374 /* DepartmentTemplate.swift in Sources */,
				E2DA74301D2E98B90099F374 /* IconsViewController.swift in Sources */,
				E2BAE4DF1D338EF6003D5768 /* Tag.swift in Sources */,
				E2DA73FE1D2E8D7F0099F374 /* AdjustViewController.swift in Sources */,
				E2BAE4E31D33908B003D5768 /* SetResponse.swift in Sources */,
				E2DA73CA1D2E8D7F0099F374 /* AppDelegate.swift in Sources */,
				E2DA740E1D2E8D7F0099F374 /* SelectDescriptionCell.swift in Sources */,
				E2DA74361D2FC04F0099F374 /* BarcodeRouter.swift in Sources */,
				E2DA740A1D2E8D7F0099F374 /* DepartmentAndVendorCell.swift in Sources */,
				E2DA73EA1D2E8D7F0099F374 /* User.swift in Sources */,
				E2DA73D71D2E8D7F0099F374 /* UserData.swift in Sources */,
				E2DA73E31D2E8D7F0099F374 /* TaxResponse.swift in Sources */,
				E2DA73D61D2E8D7F0099F374 /* TaxData.swift in Sources */,
				E2DA74101D2E8D7F0099F374 /* StoreSetupCell.swift in Sources */,
				E2DA73F71D2E8D7F0099F374 /* InventoryController.swift in Sources */,
				E2DA74211D2E92420099F374 /* VendorTemplate.swift in Sources */,
				E2DA73DE1D2E8D7F0099F374 /* Department.swift in Sources */,
				E2DA742C1D2E98B90099F374 /* AddDepartmentViewController.swift in Sources */,
				E2DA73DD1D2E8D7F0099F374 /* Department+CoreDataProperties.swift in Sources */,
				E2DA73F61D2E8D7F0099F374 /* BaseViewController.swift in Sources */,
				E2DA73CD1D2E8D7F0099F374 /* AddDepartmentsData.swift in Sources */,
				E2DA73D51D2E8D7F0099F374 /* StoreSetupData.swift in Sources */,
				E2DA74341D2FBF800099F374 /* TaxeDepartmentRouter.swift in Sources */,
				E2DA73E81D2E8D7F0099F374 /* TaxTemplate.swift in Sources */,
				E2DA73DA1D2E8D7F0099F374 /* AddVendors.swift in Sources */,
				E2BAE4DC1D338EF6003D5768 /* Set+CoreDataProperties.swift in Sources */,
				E2DA73CF1D2E8D7F0099F374 /* AdjustStockLevelsData.swift in Sources */,
				E2DA742E1D2E98B90099F374 /* AppliedTaxesViewController.swift in Sources */,
				E2DA73EF1D2E8D7F0099F374 /* SocketClient.swift in Sources */,
				E2DA73F81D2E8D7F0099F374 /* InventoryDetailController.swift in Sources */,
				E2DA73E91D2E8D7F0099F374 /* User+CoreDataProperties.swift in Sources */,
				E2BAE4E51D3393A3003D5768 /* TagData.swift in Sources */,
				E2DA73EC1D2E8D7F0099F374 /* Vendor.swift in Sources */,
				E2DA73EE1D2E8D7F0099F374 /* NetworkLoader.swift in Sources */,
				E2DA741D1D2E8E4B0099F374 /* UserStorage.swift in Sources */,
				E2DA73EB1D2E8D7F0099F374 /* Vendor+CoreDataProperties.swift in Sources */,
				E2DA73D01D2E8D7F0099F374 /* DepartmentData.swift in Sources */,
				E2BAE4D61D338EAB003D5768 /* InventoryList+CoreDataProperties.swift in Sources */,
				E2DA73E41D2E8D7F0099F374 /* StoreSetup.swift in Sources */,
				E2DA73CE1D2E8D7F0099F374 /* AddVendorsData.swift in Sources */,
				E2DA73D21D2E8D7F0099F374 /* InventaryDetailData.swift in Sources */,
				E2DA73CB1D2E8D7F0099F374 /* DataManager.swift in Sources */,
				E2DA73F41D2E8D7F0099F374 /* TableView.swift in Sources */,
				E2DA73D81D2E8D7F0099F374 /* VendorData.swift in Sources */,
				E2DA740C1D2E8D7F0099F374 /* InventoryCell.swift in Sources */,
				E2DA73E51D2E8D7F0099F374 /* Tax+CoreDataProperties.swift in Sources */,
				E2DA73D11D2E8D7F0099F374 /* EntityMethods.swift in Sources */,
				E2DA73DC1D2E8D7F0099F374 /* AdjustStockLevels.swift in Sources */,
				E2DA742F1D2E98B90099F374 /* DepartmentsAndVendorsViewController.swift in Sources */,
				E2DA73DB1D2E8D7F0099F374 /* AdjustStockLevels+CoreDataProperties.swift in Sources */,
				E2DA73F21D2E8D7F0099F374 /* NavigationBar.swift in Sources */,
				E2DA73E61D2E8D7F0099F374 /* Tax.swift in Sources */,
				E2DA73F51D2E8D7F0099F374 /* LogInViewController.swift in Sources */,
				E2DA74381D2FC31A0099F374 /* ItemResponse.swift in Sources */,
				E2BAE4E11D339082003D5768 /* TagResponse.swift in Sources */,
				E2DA74081D2E8D7F0099F374 /* AddVendorCell.swift in Sources */,
				E2DA73E21D2E8D7F0099F374 /* DepartmentResponse.swift in Sources */,
				E2DA74321D2E98B90099F374 /* TaxesViewController.swift in Sources */,
				E2DA74111D2E8D7F0099F374 /* TaxCell.swift in Sources */,
				E2DA740D1D2E8D7F0099F374 /* InventoryDetailCell.swift in Sources */,
				E2DA740F1D2E8D7F0099F374 /* SelectDetailCell.swift in Sources */,
				E2DA73D91D2E8D7F0099F374 /* AddDepartments.swift in Sources */,
				E2DA73FA1D2E8D7F0099F374 /* SelectDetailController.swift in Sources */,
				E2DA73F91D2E8D7F0099F374 /* SelectDescriptionController.swift in Sources */,
				E2BAE4D71D338EAB003D5768 /* InventoryList.swift in Sources */,
			);
			runOnlyForDeploymentPostprocessing = 0;
		};
		7DFE49C11D057D4200EDF2FC /* Sources */ = {
			isa = PBXSourcesBuildPhase;
			buildActionMask = 2147483647;
			files = (
			);
			runOnlyForDeploymentPostprocessing = 0;
		};
		7DFE49CC1D057D4200EDF2FC /* Sources */ = {
			isa = PBXSourcesBuildPhase;
			buildActionMask = 2147483647;
			files = (
			);
			runOnlyForDeploymentPostprocessing = 0;
		};
/* End PBXSourcesBuildPhase section */

/* Begin PBXTargetDependency section */
		7DFE49C71D057D4200EDF2FC /* PBXTargetDependency */ = {
			isa = PBXTargetDependency;
			target = 7DFE49AD1D057D4100EDF2FC /* RetailInventoryToSwift */;
			targetProxy = 7DFE49C61D057D4200EDF2FC /* PBXContainerItemProxy */;
		};
		7DFE49D21D057D4200EDF2FC /* PBXTargetDependency */ = {
			isa = PBXTargetDependency;
			target = 7DFE49AD1D057D4100EDF2FC /* RetailInventoryToSwift */;
			targetProxy = 7DFE49D11D057D4200EDF2FC /* PBXContainerItemProxy */;
		};
/* End PBXTargetDependency section */

/* Begin PBXVariantGroup section */
		E2DA73C11D2E8D7F0099F374 /* LaunchScreen.storyboard */ = {
			isa = PBXVariantGroup;
			children = (
				E2DA73C21D2E8D7F0099F374 /* Base */,
			);
			name = LaunchScreen.storyboard;
			sourceTree = "<group>";
		};
		E2DA73C31D2E8D7F0099F374 /* Main.storyboard */ = {
			isa = PBXVariantGroup;
			children = (
				E2DA73C41D2E8D7F0099F374 /* Base */,
			);
			name = Main.storyboard;
			sourceTree = "<group>";
		};
/* End PBXVariantGroup section */

/* Begin XCBuildConfiguration section */
		7DFE49D71D057D4200EDF2FC /* Debug */ = {
			isa = XCBuildConfiguration;
			buildSettings = {
				ALWAYS_SEARCH_USER_PATHS = NO;
				CLANG_ANALYZER_LOCALIZABILITY_NONLOCALIZED = NO;
				CLANG_ANALYZER_NONNULL = YES;
				CLANG_CXX_LANGUAGE_STANDARD = "gnu++0x";
				CLANG_CXX_LIBRARY = "libc++";
				CLANG_ENABLE_MODULES = YES;
				CLANG_ENABLE_OBJC_ARC = YES;
				CLANG_WARN_BOOL_CONVERSION = YES;
				CLANG_WARN_CONSTANT_CONVERSION = YES;
				CLANG_WARN_DIRECT_OBJC_ISA_USAGE = YES_ERROR;
				CLANG_WARN_EMPTY_BODY = YES;
				CLANG_WARN_ENUM_CONVERSION = YES;
				CLANG_WARN_INT_CONVERSION = YES;
				CLANG_WARN_OBJC_ROOT_CLASS = YES_ERROR;
				CLANG_WARN_UNREACHABLE_CODE = YES;
				CLANG_WARN__DUPLICATE_METHOD_MATCH = YES;
				"CODE_SIGN_IDENTITY[sdk=iphoneos*]" = "iPhone Developer";
				COPY_PHASE_STRIP = NO;
				DEBUG_INFORMATION_FORMAT = dwarf;
				ENABLE_BITCODE = YES;
				ENABLE_STRICT_OBJC_MSGSEND = YES;
				ENABLE_TESTABILITY = YES;
				GCC_C_LANGUAGE_STANDARD = gnu99;
				GCC_DYNAMIC_NO_PIC = NO;
				GCC_NO_COMMON_BLOCKS = YES;
				GCC_OPTIMIZATION_LEVEL = 0;
				GCC_PREPROCESSOR_DEFINITIONS = (
					"DEBUG=1",
					"$(inherited)",
				);
				GCC_WARN_64_TO_32_BIT_CONVERSION = YES;
				GCC_WARN_ABOUT_RETURN_TYPE = YES_ERROR;
				GCC_WARN_UNDECLARED_SELECTOR = YES;
				GCC_WARN_UNINITIALIZED_AUTOS = YES_AGGRESSIVE;
				GCC_WARN_UNUSED_FUNCTION = YES;
				GCC_WARN_UNUSED_VARIABLE = YES;
				IPHONEOS_DEPLOYMENT_TARGET = 9.3;
				MTL_ENABLE_DEBUG_INFO = YES;
				ONLY_ACTIVE_ARCH = YES;
				SDKROOT = iphoneos9.3;
				SWIFT_OPTIMIZATION_LEVEL = "-Onone";
			};
			name = Debug;
		};
		7DFE49D81D057D4200EDF2FC /* Release */ = {
			isa = XCBuildConfiguration;
			buildSettings = {
				ALWAYS_SEARCH_USER_PATHS = NO;
				CLANG_ANALYZER_LOCALIZABILITY_NONLOCALIZED = NO;
				CLANG_ANALYZER_NONNULL = YES;
				CLANG_CXX_LANGUAGE_STANDARD = "gnu++0x";
				CLANG_CXX_LIBRARY = "libc++";
				CLANG_ENABLE_MODULES = YES;
				CLANG_ENABLE_OBJC_ARC = YES;
				CLANG_WARN_BOOL_CONVERSION = YES;
				CLANG_WARN_CONSTANT_CONVERSION = YES;
				CLANG_WARN_DIRECT_OBJC_ISA_USAGE = YES_ERROR;
				CLANG_WARN_EMPTY_BODY = YES;
				CLANG_WARN_ENUM_CONVERSION = YES;
				CLANG_WARN_INT_CONVERSION = YES;
				CLANG_WARN_OBJC_ROOT_CLASS = YES_ERROR;
				CLANG_WARN_UNREACHABLE_CODE = YES;
				CLANG_WARN__DUPLICATE_METHOD_MATCH = YES;
				"CODE_SIGN_IDENTITY[sdk=iphoneos*]" = "iPhone Developer";
				COPY_PHASE_STRIP = NO;
				DEBUG_INFORMATION_FORMAT = "dwarf-with-dsym";
				ENABLE_BITCODE = YES;
				ENABLE_NS_ASSERTIONS = NO;
				ENABLE_STRICT_OBJC_MSGSEND = YES;
				GCC_C_LANGUAGE_STANDARD = gnu99;
				GCC_NO_COMMON_BLOCKS = YES;
				GCC_WARN_64_TO_32_BIT_CONVERSION = YES;
				GCC_WARN_ABOUT_RETURN_TYPE = YES_ERROR;
				GCC_WARN_UNDECLARED_SELECTOR = YES;
				GCC_WARN_UNINITIALIZED_AUTOS = YES_AGGRESSIVE;
				GCC_WARN_UNUSED_FUNCTION = YES;
				GCC_WARN_UNUSED_VARIABLE = YES;
				IPHONEOS_DEPLOYMENT_TARGET = 9.3;
				MTL_ENABLE_DEBUG_INFO = NO;
				ONLY_ACTIVE_ARCH = YES;
				SDKROOT = iphoneos9.3;
				VALIDATE_PRODUCT = YES;
			};
			name = Release;
		};
		7DFE49DA1D057D4200EDF2FC /* Debug */ = {
			isa = XCBuildConfiguration;
			buildSettings = {
				ASSETCATALOG_COMPILER_APPICON_NAME = AppIcon;
				CLANG_ENABLE_MODULES = YES;
				CODE_SIGN_IDENTITY = "iPhone Developer";
				FRAMEWORK_SEARCH_PATHS = (
					"$(inherited)",
					"$(PROJECT_DIR)/Carthage/Build/iOS",
					"$(PROJECT_DIR)/RetailInventoryToSwift/Classes/Model/Entity",
					"$(PROJECT_DIR)/RetailInventoryToSwift",
				);
				INFOPLIST_FILE = RetailInventoryToSwift/Info.plist;
				IPHONEOS_DEPLOYMENT_TARGET = 9.3;
				LD_RUNPATH_SEARCH_PATHS = "$(inherited) @executable_path/Frameworks";
				PRODUCT_BUNDLE_IDENTIFIER = Itransition.RetailInventoryToSwift;
				PRODUCT_NAME = "$(TARGET_NAME)";
				SWIFT_OBJC_BRIDGING_HEADER = "RetailInventoryToSwift/Classes/Model/Entity/RetailInventoryToSwift-Bridging-Header.h";
				SWIFT_OPTIMIZATION_LEVEL = "-Onone";
				TARGETED_DEVICE_FAMILY = 1;
			};
			name = Debug;
		};
		7DFE49DB1D057D4200EDF2FC /* Release */ = {
			isa = XCBuildConfiguration;
			buildSettings = {
				ASSETCATALOG_COMPILER_APPICON_NAME = AppIcon;
				CLANG_ENABLE_MODULES = YES;
				CODE_SIGN_IDENTITY = "iPhone Developer";
				FRAMEWORK_SEARCH_PATHS = (
					"$(inherited)",
					"$(PROJECT_DIR)/Carthage/Build/iOS",
					"$(PROJECT_DIR)/RetailInventoryToSwift/Classes/Model/Entity",
					"$(PROJECT_DIR)/RetailInventoryToSwift",
				);
				INFOPLIST_FILE = RetailInventoryToSwift/Info.plist;
				IPHONEOS_DEPLOYMENT_TARGET = 9.3;
				LD_RUNPATH_SEARCH_PATHS = "$(inherited) @executable_path/Frameworks";
				PRODUCT_BUNDLE_IDENTIFIER = Itransition.RetailInventoryToSwift;
				PRODUCT_NAME = "$(TARGET_NAME)";
				SWIFT_OBJC_BRIDGING_HEADER = "RetailInventoryToSwift/Classes/Model/Entity/RetailInventoryToSwift-Bridging-Header.h";
				TARGETED_DEVICE_FAMILY = 1;
			};
			name = Release;
		};
		7DFE49DD1D057D4200EDF2FC /* Debug */ = {
			isa = XCBuildConfiguration;
			buildSettings = {
				BUNDLE_LOADER = "$(TEST_HOST)";
				INFOPLIST_FILE = RetailInventoryToSwiftTests/Info.plist;
				LD_RUNPATH_SEARCH_PATHS = "$(inherited) @executable_path/Frameworks @loader_path/Frameworks";
				PRODUCT_BUNDLE_IDENTIFIER = Itransition.RetailInventoryToSwiftTests;
				PRODUCT_NAME = "$(TARGET_NAME)";
				TEST_HOST = "$(BUILT_PRODUCTS_DIR)/RetailInventoryToSwift.app/RetailInventoryToSwift";
			};
			name = Debug;
		};
		7DFE49DE1D057D4200EDF2FC /* Release */ = {
			isa = XCBuildConfiguration;
			buildSettings = {
				BUNDLE_LOADER = "$(TEST_HOST)";
				INFOPLIST_FILE = RetailInventoryToSwiftTests/Info.plist;
				LD_RUNPATH_SEARCH_PATHS = "$(inherited) @executable_path/Frameworks @loader_path/Frameworks";
				PRODUCT_BUNDLE_IDENTIFIER = Itransition.RetailInventoryToSwiftTests;
				PRODUCT_NAME = "$(TARGET_NAME)";
				TEST_HOST = "$(BUILT_PRODUCTS_DIR)/RetailInventoryToSwift.app/RetailInventoryToSwift";
			};
			name = Release;
		};
		7DFE49E01D057D4200EDF2FC /* Debug */ = {
			isa = XCBuildConfiguration;
			buildSettings = {
				INFOPLIST_FILE = RetailInventoryToSwiftUITests/Info.plist;
				LD_RUNPATH_SEARCH_PATHS = "$(inherited) @executable_path/Frameworks @loader_path/Frameworks";
				PRODUCT_BUNDLE_IDENTIFIER = Itransition.RetailInventoryToSwiftUITests;
				PRODUCT_NAME = "$(TARGET_NAME)";
				TEST_TARGET_NAME = RetailInventoryToSwift;
			};
			name = Debug;
		};
		7DFE49E11D057D4200EDF2FC /* Release */ = {
			isa = XCBuildConfiguration;
			buildSettings = {
				INFOPLIST_FILE = RetailInventoryToSwiftUITests/Info.plist;
				LD_RUNPATH_SEARCH_PATHS = "$(inherited) @executable_path/Frameworks @loader_path/Frameworks";
				PRODUCT_BUNDLE_IDENTIFIER = Itransition.RetailInventoryToSwiftUITests;
				PRODUCT_NAME = "$(TARGET_NAME)";
				TEST_TARGET_NAME = RetailInventoryToSwift;
			};
			name = Release;
		};
/* End XCBuildConfiguration section */

/* Begin XCConfigurationList section */
		7DFE49A91D057D4100EDF2FC /* Build configuration list for PBXProject "RetailInventorySwift" */ = {
			isa = XCConfigurationList;
			buildConfigurations = (
				7DFE49D71D057D4200EDF2FC /* Debug */,
				7DFE49D81D057D4200EDF2FC /* Release */,
			);
			defaultConfigurationIsVisible = 0;
			defaultConfigurationName = Release;
		};
		7DFE49D91D057D4200EDF2FC /* Build configuration list for PBXNativeTarget "RetailInventoryToSwift" */ = {
			isa = XCConfigurationList;
			buildConfigurations = (
				7DFE49DA1D057D4200EDF2FC /* Debug */,
				7DFE49DB1D057D4200EDF2FC /* Release */,
			);
			defaultConfigurationIsVisible = 0;
			defaultConfigurationName = Release;
		};
		7DFE49DC1D057D4200EDF2FC /* Build configuration list for PBXNativeTarget "RetailInventoryToSwiftTests" */ = {
			isa = XCConfigurationList;
			buildConfigurations = (
				7DFE49DD1D057D4200EDF2FC /* Debug */,
				7DFE49DE1D057D4200EDF2FC /* Release */,
			);
			defaultConfigurationIsVisible = 0;
			defaultConfigurationName = Release;
		};
		7DFE49DF1D057D4200EDF2FC /* Build configuration list for PBXNativeTarget "RetailInventoryToSwiftUITests" */ = {
			isa = XCConfigurationList;
			buildConfigurations = (
				7DFE49E01D057D4200EDF2FC /* Debug */,
				7DFE49E11D057D4200EDF2FC /* Release */,
			);
			defaultConfigurationIsVisible = 0;
			defaultConfigurationName = Release;
		};
/* End XCConfigurationList section */

/* Begin XCVersionGroup section */
		E2DA73621D2E8D7F0099F374 /* RetailInventoryToSwift.xcdatamodeld */ = {
			isa = XCVersionGroup;
			children = (
				E2DA73631D2E8D7F0099F374 /* RetailInventoryToSwift.xcdatamodel */,
			);
			currentVersion = E2DA73631D2E8D7F0099F374 /* RetailInventoryToSwift.xcdatamodel */;
			path = RetailInventoryToSwift.xcdatamodeld;
			sourceTree = "<group>";
			versionGroupType = wrapper.xcdatamodel;
		};
/* End XCVersionGroup section */
	};
	rootObject = 7DFE49A61D057D4100EDF2FC /* Project object */;
}
