// !$*UTF8*$!
{
	archiveVersion = 1;
	classes = {
	};
	objectVersion = 46;
	objects = {

/* Begin PBXBuildFile section */
		7D050A071D0881070059CDD3 /* Images.xcassets in Resources */ = {isa = PBXBuildFile; fileRef = 7D050A061D0881070059CDD3 /* Images.xcassets */; };
		7DB578E41D09963B00141217 /* MenuViewController.swift in Sources */ = {isa = PBXBuildFile; fileRef = 7DB578D71D09963B00141217 /* MenuViewController.swift */; };
		7DB578E51D09963B00141217 /* AdjustViewController.swift in Sources */ = {isa = PBXBuildFile; fileRef = 7DB578DA1D09963B00141217 /* AdjustViewController.swift */; };
		7DB578E61D09963B00141217 /* StoreSetupViewController.swift in Sources */ = {isa = PBXBuildFile; fileRef = 7DB578DC1D09963B00141217 /* StoreSetupViewController.swift */; };
		7DB578E81D09963B00141217 /* StoreSetupCell.swift in Sources */ = {isa = PBXBuildFile; fileRef = 7DB578E01D09963B00141217 /* StoreSetupCell.swift */; };
		7DB578EB1D099D8900141217 /* AppDelegate.swift in Sources */ = {isa = PBXBuildFile; fileRef = 7DB578EA1D099D8900141217 /* AppDelegate.swift */; };
		7DB578EE1D099FD800141217 /* RetailInventoryToSwift.xcdatamodeld in Sources */ = {isa = PBXBuildFile; fileRef = 7DB578EC1D099FD800141217 /* RetailInventoryToSwift.xcdatamodeld */; };
		7DDA94771D22A853000DB7A7 /* TaxesViewController.swift in Sources */ = {isa = PBXBuildFile; fileRef = 7DDA94761D22A853000DB7A7 /* TaxesViewController.swift */; };
		7DDA947A1D22ADB9000DB7A7 /* DepartmentsAndVendorsViewController.swift in Sources */ = {isa = PBXBuildFile; fileRef = 7DDA94791D22ADB9000DB7A7 /* DepartmentsAndVendorsViewController.swift */; };
		7DDA947F1D22BE7C000DB7A7 /* DepartmentAndVendorCell.swift in Sources */ = {isa = PBXBuildFile; fileRef = 7DDA947E1D22BE7C000DB7A7 /* DepartmentAndVendorCell.swift */; };
		7DDA94811D22BF29000DB7A7 /* AddDepartmentViewController.swift in Sources */ = {isa = PBXBuildFile; fileRef = 7DDA94801D22BF29000DB7A7 /* AddDepartmentViewController.swift */; };
		7DDA94831D22BF39000DB7A7 /* AddVendorViewController.swift in Sources */ = {isa = PBXBuildFile; fileRef = 7DDA94821D22BF39000DB7A7 /* AddVendorViewController.swift */; };
		7DDA94851D22BFD5000DB7A7 /* AddDepartmentCell.swift in Sources */ = {isa = PBXBuildFile; fileRef = 7DDA94841D22BFD5000DB7A7 /* AddDepartmentCell.swift */; };
		7DDA94871D22BFE4000DB7A7 /* AddVendorCell.swift in Sources */ = {isa = PBXBuildFile; fileRef = 7DDA94861D22BFE4000DB7A7 /* AddVendorCell.swift */; };
		7DDA94891D22C4AC000DB7A7 /* IconsViewController.swift in Sources */ = {isa = PBXBuildFile; fileRef = 7DDA94881D22C4AC000DB7A7 /* IconsViewController.swift */; };
		7DDA948B1D22C4D8000DB7A7 /* IconsCell.swift in Sources */ = {isa = PBXBuildFile; fileRef = 7DDA948A1D22C4D8000DB7A7 /* IconsCell.swift */; };
		7DDA948D1D22C565000DB7A7 /* TaxCell.swift in Sources */ = {isa = PBXBuildFile; fileRef = 7DDA948C1D22C565000DB7A7 /* TaxCell.swift */; };
		7DDA94901D22CC79000DB7A7 /* AddDepartmentsMethods.swift in Sources */ = {isa = PBXBuildFile; fileRef = 7DDA948F1D22CC79000DB7A7 /* AddDepartmentsMethods.swift */; };
		7DDA94921D22CC87000DB7A7 /* AddVendorsMethods.swift in Sources */ = {isa = PBXBuildFile; fileRef = 7DDA94911D22CC87000DB7A7 /* AddVendorsMethods.swift */; };
		7DDA94951D22CCFD000DB7A7 /* AddDepartments.swift in Sources */ = {isa = PBXBuildFile; fileRef = 7DDA94941D22CCFD000DB7A7 /* AddDepartments.swift */; };
		7DDA94971D22CD0B000DB7A7 /* AddVendors.swift in Sources */ = {isa = PBXBuildFile; fileRef = 7DDA94961D22CD0B000DB7A7 /* AddVendors.swift */; };
		7DF82E9F1D241E52005B169B /* Vendor+CoreDataProperties.swift in Sources */ = {isa = PBXBuildFile; fileRef = 7DF82E9D1D241E52005B169B /* Vendor+CoreDataProperties.swift */; };
		7DF82EA01D241E52005B169B /* Vendor.swift in Sources */ = {isa = PBXBuildFile; fileRef = 7DF82E9E1D241E52005B169B /* Vendor.swift */; };
		7DF82EAB1D251D6C005B169B /* Tax+CoreDataProperties.swift in Sources */ = {isa = PBXBuildFile; fileRef = 7DF82EA91D251D6C005B169B /* Tax+CoreDataProperties.swift */; };
		7DF82EAC1D251D6C005B169B /* Tax.swift in Sources */ = {isa = PBXBuildFile; fileRef = 7DF82EAA1D251D6C005B169B /* Tax.swift */; };
		7DFE49B71D057D4100EDF2FC /* (null) in Resources */ = {isa = PBXBuildFile; };
		7DFE49CA1D057D4200EDF2FC /* RetailInventoryToSwiftTests.swift in Sources */ = {isa = PBXBuildFile; fileRef = 7DFE49C91D057D4200EDF2FC /* RetailInventoryToSwiftTests.swift */; };
		7DFE49D51D057D4200EDF2FC /* RetailInventoryToSwiftUITests.swift in Sources */ = {isa = PBXBuildFile; fileRef = 7DFE49D41D057D4200EDF2FC /* RetailInventoryToSwiftUITests.swift */; };
		864399671D09CA01003ECE2A /* LaunchScreen.storyboard in Resources */ = {isa = PBXBuildFile; fileRef = 864399631D09CA01003ECE2A /* LaunchScreen.storyboard */; };
		864399681D09CA01003ECE2A /* Main.storyboard in Resources */ = {isa = PBXBuildFile; fileRef = 864399651D09CA01003ECE2A /* Main.storyboard */; };
		8643996D1D09CB2E003ECE2A /* BaseViewController.swift in Sources */ = {isa = PBXBuildFile; fileRef = 8643996C1D09CB2E003ECE2A /* BaseViewController.swift */; };
		864399701D09CB38003ECE2A /* LogInViewController.swift in Sources */ = {isa = PBXBuildFile; fileRef = 8643996F1D09CB38003ECE2A /* LogInViewController.swift */; };
		E203D0FE1D211E90007B7F8D /* ScanController.swift in Sources */ = {isa = PBXBuildFile; fileRef = E203D0FD1D211E90007B7F8D /* ScanController.swift */; };
		E203D1061D2270FA007B7F8D /* Alamofire.framework in Frameworks */ = {isa = PBXBuildFile; fileRef = E203D1051D2270FA007B7F8D /* Alamofire.framework */; };
		E203D1081D228C99007B7F8D /* BarcodeRouter.swift in Sources */ = {isa = PBXBuildFile; fileRef = E203D1071D228C99007B7F8D /* BarcodeRouter.swift */; };
		E203D10A1D22AFDD007B7F8D /* SelectDescriptionController.swift in Sources */ = {isa = PBXBuildFile; fileRef = E203D1091D22AFDD007B7F8D /* SelectDescriptionController.swift */; };
		E203D10C1D22B495007B7F8D /* SelectDescriptionCell.swift in Sources */ = {isa = PBXBuildFile; fileRef = E203D10B1D22B495007B7F8D /* SelectDescriptionCell.swift */; };
		E203D10E1D23C7FC007B7F8D /* NetworkLoader.swift in Sources */ = {isa = PBXBuildFile; fileRef = E203D10D1D23C7FC007B7F8D /* NetworkLoader.swift */; };
		E203D1121D255D3B007B7F8D /* TaxeDepartmentRouter.swift in Sources */ = {isa = PBXBuildFile; fileRef = E203D1111D255D3B007B7F8D /* TaxeDepartmentRouter.swift */; };
		E203D1181D26774E007B7F8D /* TaxResponse.swift in Sources */ = {isa = PBXBuildFile; fileRef = E203D1171D26774E007B7F8D /* TaxResponse.swift */; };
		E203D11A1D26775D007B7F8D /* DepartmentResponse.swift in Sources */ = {isa = PBXBuildFile; fileRef = E203D1191D26775D007B7F8D /* DepartmentResponse.swift */; };
		E203D11D1D2689EB007B7F8D /* UserDefault.swift in Sources */ = {isa = PBXBuildFile; fileRef = E203D11C1D2689EB007B7F8D /* UserDefault.swift */; };
		E20C9E361D1A7E1600CCAC30 /* SelectDetailController.swift in Sources */ = {isa = PBXBuildFile; fileRef = E20C9E351D1A7E1600CCAC30 /* SelectDetailController.swift */; };
		E20C9E381D1A8F6300CCAC30 /* DataManager.swift in Sources */ = {isa = PBXBuildFile; fileRef = E20C9E371D1A8F6300CCAC30 /* DataManager.swift */; };
		E225338A1D193287008220CC /* AdjustStockLevels+CoreDataProperties.swift in Sources */ = {isa = PBXBuildFile; fileRef = E22533881D193287008220CC /* AdjustStockLevels+CoreDataProperties.swift */; };
		E225338B1D193287008220CC /* AdjustStockLevels.swift in Sources */ = {isa = PBXBuildFile; fileRef = E22533891D193287008220CC /* AdjustStockLevels.swift */; };
		E22533921D1932A1008220CC /* InventoryList+CoreDataProperties.swift in Sources */ = {isa = PBXBuildFile; fileRef = E22533901D1932A1008220CC /* InventoryList+CoreDataProperties.swift */; };
		E22533931D1932A1008220CC /* InventoryList.swift in Sources */ = {isa = PBXBuildFile; fileRef = E22533911D1932A1008220CC /* InventoryList.swift */; };
		E2381A9B1D12ACB50023245A /* EntityMethods.swift in Sources */ = {isa = PBXBuildFile; fileRef = E2381A9A1D12ACB50023245A /* EntityMethods.swift */; };
		E2381ADE1D12FE060023245A /* Constant.swift in Sources */ = {isa = PBXBuildFile; fileRef = E2381ADD1D12FE060023245A /* Constant.swift */; };
		E2381AEC1D1307940023245A /* NavigationBar.swift in Sources */ = {isa = PBXBuildFile; fileRef = E2381AE91D1307940023245A /* NavigationBar.swift */; };
		E2381AED1D1307940023245A /* String.swift in Sources */ = {isa = PBXBuildFile; fileRef = E2381AEA1D1307940023245A /* String.swift */; };
		E2381AEE1D1307940023245A /* TableView.swift in Sources */ = {isa = PBXBuildFile; fileRef = E2381AEB1D1307940023245A /* TableView.swift */; };
		E23B8DCE1D115D7E0028222D /* Localizable.strings in Resources */ = {isa = PBXBuildFile; fileRef = E23B8DCD1D115D7E0028222D /* Localizable.strings */; };
		E23C45071D1BE1D600B4BAC0 /* SelectDetailCell.swift in Sources */ = {isa = PBXBuildFile; fileRef = E23C45061D1BE1D600B4BAC0 /* SelectDetailCell.swift */; };
		E24F16F01D2A82A6004B6601 /* Department+CoreDataProperties.swift in Sources */ = {isa = PBXBuildFile; fileRef = E24F16EE1D2A82A6004B6601 /* Department+CoreDataProperties.swift */; };
		E24F16F11D2A82A6004B6601 /* Department.swift in Sources */ = {isa = PBXBuildFile; fileRef = E24F16EF1D2A82A6004B6601 /* Department.swift */; };
		E24F16F31D2A92E9004B6601 /* DepartmentTemplate.swift in Sources */ = {isa = PBXBuildFile; fileRef = E24F16F21D2A92E9004B6601 /* DepartmentTemplate.swift */; };
		E24F16F51D2A934C004B6601 /* VendorTemplate.swift in Sources */ = {isa = PBXBuildFile; fileRef = E24F16F41D2A934C004B6601 /* VendorTemplate.swift */; };
		E24F16F91D2BBECC004B6601 /* harbortouch-webfont.ttf in Resources */ = {isa = PBXBuildFile; fileRef = E24F16F81D2BBECC004B6601 /* harbortouch-webfont.ttf */; };
		E2A3DF011D103AA2005819E9 /* InventoryCell.swift in Sources */ = {isa = PBXBuildFile; fileRef = E2A3DF001D103AA2005819E9 /* InventoryCell.swift */; };
		E2A3DF051D104472005819E9 /* BaseCell.swift in Sources */ = {isa = PBXBuildFile; fileRef = E2A3DF041D104472005819E9 /* BaseCell.swift */; };
		E2A3DF0D1D1048A5005819E9 /* StoreSetup.swift in Sources */ = {isa = PBXBuildFile; fileRef = E2A3DF0C1D1048A5005819E9 /* StoreSetup.swift */; };
		E2A3DF111D1048E5005819E9 /* StoreSetupMethods.swift in Sources */ = {isa = PBXBuildFile; fileRef = E2A3DF101D1048E5005819E9 /* StoreSetupMethods.swift */; };
		E2D0E6F61D18292F007F0265 /* MagicalRecord.framework in Frameworks */ = {isa = PBXBuildFile; fileRef = E2D0E6F21D18292F007F0265 /* MagicalRecord.framework */; settings = {ATTRIBUTES = (Required, ); }; };
		E2D0E7071D183E1A007F0265 /* User+CoreDataProperties.swift in Sources */ = {isa = PBXBuildFile; fileRef = E2D0E7051D183E1A007F0265 /* User+CoreDataProperties.swift */; };
		E2D0E7081D183E1A007F0265 /* User.swift in Sources */ = {isa = PBXBuildFile; fileRef = E2D0E7061D183E1A007F0265 /* User.swift */; };
		E2D0E70E1D184043007F0265 /* TaxMethhods.swift in Sources */ = {isa = PBXBuildFile; fileRef = E2D0E70D1D184043007F0265 /* TaxMethhods.swift */; };
		E2D0E7101D184053007F0265 /* DepartmentMethods.swift in Sources */ = {isa = PBXBuildFile; fileRef = E2D0E70F1D184053007F0265 /* DepartmentMethods.swift */; };
		E2D0E7121D18405F007F0265 /* VendorMethods.swift in Sources */ = {isa = PBXBuildFile; fileRef = E2D0E7111D18405F007F0265 /* VendorMethods.swift */; };
		E2D0E7141D184072007F0265 /* UserMethods.swift in Sources */ = {isa = PBXBuildFile; fileRef = E2D0E7131D184072007F0265 /* UserMethods.swift */; };
		E2D0E7161D184089007F0265 /* AdjustStockLevelsMethods.swift in Sources */ = {isa = PBXBuildFile; fileRef = E2D0E7151D184089007F0265 /* AdjustStockLevelsMethods.swift */; };
		E2D0E7181D1840AB007F0265 /* InventoryListMethods.swift in Sources */ = {isa = PBXBuildFile; fileRef = E2D0E7171D1840AB007F0265 /* InventoryListMethods.swift */; };
		E2D0E71B1D1840F6007F0265 /* InventoryController.swift in Sources */ = {isa = PBXBuildFile; fileRef = E2D0E7191D1840F6007F0265 /* InventoryController.swift */; };
		E2D0E71C1D1840F6007F0265 /* InventoryDetailController.swift in Sources */ = {isa = PBXBuildFile; fileRef = E2D0E71A1D1840F6007F0265 /* InventoryDetailController.swift */; };
		E2D0E71E1D1851DB007F0265 /* InventaryDetailMethods.swift in Sources */ = {isa = PBXBuildFile; fileRef = E2D0E71D1D1851DB007F0265 /* InventaryDetailMethods.swift */; };
		E2D0E7221D185274007F0265 /* InventoryDetailCell.swift in Sources */ = {isa = PBXBuildFile; fileRef = E2D0E7211D185274007F0265 /* InventoryDetailCell.swift */; };
/* End PBXBuildFile section */

/* Begin PBXContainerItemProxy section */
		7DFE49C61D057D4200EDF2FC /* PBXContainerItemProxy */ = {
			isa = PBXContainerItemProxy;
			containerPortal = 7DFE49A61D057D4100EDF2FC /* Project object */;
			proxyType = 1;
			remoteGlobalIDString = 7DFE49AD1D057D4100EDF2FC;
			remoteInfo = RetailInventoryToSwift;
		};
		7DFE49D11D057D4200EDF2FC /* PBXContainerItemProxy */ = {
			isa = PBXContainerItemProxy;
			containerPortal = 7DFE49A61D057D4100EDF2FC /* Project object */;
			proxyType = 1;
			remoteGlobalIDString = 7DFE49AD1D057D4100EDF2FC;
			remoteInfo = RetailInventoryToSwift;
		};
/* End PBXContainerItemProxy section */

/* Begin PBXFileReference section */
		7D050A061D0881070059CDD3 /* Images.xcassets */ = {isa = PBXFileReference; lastKnownFileType = folder.assetcatalog; path = Images.xcassets; sourceTree = "<group>"; };
		7DB578D71D09963B00141217 /* MenuViewController.swift */ = {isa = PBXFileReference; fileEncoding = 4; lastKnownFileType = sourcecode.swift; path = MenuViewController.swift; sourceTree = "<group>"; };
		7DB578DA1D09963B00141217 /* AdjustViewController.swift */ = {isa = PBXFileReference; fileEncoding = 4; lastKnownFileType = sourcecode.swift; path = AdjustViewController.swift; sourceTree = "<group>"; };
		7DB578DC1D09963B00141217 /* StoreSetupViewController.swift */ = {isa = PBXFileReference; fileEncoding = 4; lastKnownFileType = sourcecode.swift; path = StoreSetupViewController.swift; sourceTree = "<group>"; };
		7DB578E01D09963B00141217 /* StoreSetupCell.swift */ = {isa = PBXFileReference; fileEncoding = 4; lastKnownFileType = sourcecode.swift; path = StoreSetupCell.swift; sourceTree = "<group>"; };
		7DB578EA1D099D8900141217 /* AppDelegate.swift */ = {isa = PBXFileReference; fileEncoding = 4; lastKnownFileType = sourcecode.swift; path = AppDelegate.swift; sourceTree = "<group>"; };
		7DB578ED1D099FD800141217 /* RetailInventoryToSwift.xcdatamodel */ = {isa = PBXFileReference; lastKnownFileType = wrapper.xcdatamodel; path = RetailInventoryToSwift.xcdatamodel; sourceTree = "<group>"; };
		7DDA94761D22A853000DB7A7 /* TaxesViewController.swift */ = {isa = PBXFileReference; fileEncoding = 4; lastKnownFileType = sourcecode.swift; path = TaxesViewController.swift; sourceTree = "<group>"; };
		7DDA94791D22ADB9000DB7A7 /* DepartmentsAndVendorsViewController.swift */ = {isa = PBXFileReference; fileEncoding = 4; lastKnownFileType = sourcecode.swift; path = DepartmentsAndVendorsViewController.swift; sourceTree = "<group>"; };
		7DDA947E1D22BE7C000DB7A7 /* DepartmentAndVendorCell.swift */ = {isa = PBXFileReference; fileEncoding = 4; lastKnownFileType = sourcecode.swift; path = DepartmentAndVendorCell.swift; sourceTree = "<group>"; };
		7DDA94801D22BF29000DB7A7 /* AddDepartmentViewController.swift */ = {isa = PBXFileReference; fileEncoding = 4; lastKnownFileType = sourcecode.swift; path = AddDepartmentViewController.swift; sourceTree = "<group>"; };
		7DDA94821D22BF39000DB7A7 /* AddVendorViewController.swift */ = {isa = PBXFileReference; fileEncoding = 4; lastKnownFileType = sourcecode.swift; path = AddVendorViewController.swift; sourceTree = "<group>"; };
		7DDA94841D22BFD5000DB7A7 /* AddDepartmentCell.swift */ = {isa = PBXFileReference; fileEncoding = 4; lastKnownFileType = sourcecode.swift; path = AddDepartmentCell.swift; sourceTree = "<group>"; };
		7DDA94861D22BFE4000DB7A7 /* AddVendorCell.swift */ = {isa = PBXFileReference; fileEncoding = 4; lastKnownFileType = sourcecode.swift; path = AddVendorCell.swift; sourceTree = "<group>"; };
		7DDA94881D22C4AC000DB7A7 /* IconsViewController.swift */ = {isa = PBXFileReference; fileEncoding = 4; lastKnownFileType = sourcecode.swift; path = IconsViewController.swift; sourceTree = "<group>"; };
		7DDA948A1D22C4D8000DB7A7 /* IconsCell.swift */ = {isa = PBXFileReference; fileEncoding = 4; lastKnownFileType = sourcecode.swift; path = IconsCell.swift; sourceTree = "<group>"; };
		7DDA948C1D22C565000DB7A7 /* TaxCell.swift */ = {isa = PBXFileReference; fileEncoding = 4; lastKnownFileType = sourcecode.swift; path = TaxCell.swift; sourceTree = "<group>"; };
		7DDA948F1D22CC79000DB7A7 /* AddDepartmentsMethods.swift */ = {isa = PBXFileReference; fileEncoding = 4; lastKnownFileType = sourcecode.swift; path = AddDepartmentsMethods.swift; sourceTree = "<group>"; };
		7DDA94911D22CC87000DB7A7 /* AddVendorsMethods.swift */ = {isa = PBXFileReference; fileEncoding = 4; lastKnownFileType = sourcecode.swift; path = AddVendorsMethods.swift; sourceTree = "<group>"; };
		7DDA94941D22CCFD000DB7A7 /* AddDepartments.swift */ = {isa = PBXFileReference; fileEncoding = 4; lastKnownFileType = sourcecode.swift; path = AddDepartments.swift; sourceTree = "<group>"; };
		7DDA94961D22CD0B000DB7A7 /* AddVendors.swift */ = {isa = PBXFileReference; fileEncoding = 4; lastKnownFileType = sourcecode.swift; path = AddVendors.swift; sourceTree = "<group>"; };
		7DF82E9D1D241E52005B169B /* Vendor+CoreDataProperties.swift */ = {isa = PBXFileReference; fileEncoding = 4; lastKnownFileType = sourcecode.swift; path = "Vendor+CoreDataProperties.swift"; sourceTree = "<group>"; };
		7DF82E9E1D241E52005B169B /* Vendor.swift */ = {isa = PBXFileReference; fileEncoding = 4; lastKnownFileType = sourcecode.swift; path = Vendor.swift; sourceTree = "<group>"; };
		7DF82EA91D251D6C005B169B /* Tax+CoreDataProperties.swift */ = {isa = PBXFileReference; fileEncoding = 4; lastKnownFileType = sourcecode.swift; path = "Tax+CoreDataProperties.swift"; sourceTree = "<group>"; };
		7DF82EAA1D251D6C005B169B /* Tax.swift */ = {isa = PBXFileReference; fileEncoding = 4; lastKnownFileType = sourcecode.swift; path = Tax.swift; sourceTree = "<group>"; };
		7DFE49AE1D057D4100EDF2FC /* RetailInventoryToSwift.app */ = {isa = PBXFileReference; explicitFileType = wrapper.application; includeInIndex = 0; path = RetailInventoryToSwift.app; sourceTree = BUILT_PRODUCTS_DIR; };
		7DFE49C51D057D4200EDF2FC /* RetailInventoryToSwiftTests.xctest */ = {isa = PBXFileReference; explicitFileType = wrapper.cfbundle; includeInIndex = 0; path = RetailInventoryToSwiftTests.xctest; sourceTree = BUILT_PRODUCTS_DIR; };
		7DFE49C91D057D4200EDF2FC /* RetailInventoryToSwiftTests.swift */ = {isa = PBXFileReference; lastKnownFileType = sourcecode.swift; path = RetailInventoryToSwiftTests.swift; sourceTree = "<group>"; };
		7DFE49CB1D057D4200EDF2FC /* Info.plist */ = {isa = PBXFileReference; lastKnownFileType = text.plist.xml; path = Info.plist; sourceTree = "<group>"; };
		7DFE49D01D057D4200EDF2FC /* RetailInventoryToSwiftUITests.xctest */ = {isa = PBXFileReference; explicitFileType = wrapper.cfbundle; includeInIndex = 0; path = RetailInventoryToSwiftUITests.xctest; sourceTree = BUILT_PRODUCTS_DIR; };
		7DFE49D41D057D4200EDF2FC /* RetailInventoryToSwiftUITests.swift */ = {isa = PBXFileReference; lastKnownFileType = sourcecode.swift; path = RetailInventoryToSwiftUITests.swift; sourceTree = "<group>"; };
		7DFE49D61D057D4200EDF2FC /* Info.plist */ = {isa = PBXFileReference; lastKnownFileType = text.plist.xml; path = Info.plist; sourceTree = "<group>"; };
		864399641D09CA01003ECE2A /* Base */ = {isa = PBXFileReference; lastKnownFileType = file.storyboard; name = Base; path = Base.lproj/LaunchScreen.storyboard; sourceTree = "<group>"; };
		864399661D09CA01003ECE2A /* Base */ = {isa = PBXFileReference; lastKnownFileType = file.storyboard; name = Base; path = Base.lproj/Main.storyboard; sourceTree = "<group>"; };
		864399691D09CA27003ECE2A /* Info.plist */ = {isa = PBXFileReference; fileEncoding = 4; lastKnownFileType = text.plist.xml; name = Info.plist; path = RetailInventoryToSwift/Info.plist; sourceTree = SOURCE_ROOT; };
		8643996C1D09CB2E003ECE2A /* BaseViewController.swift */ = {isa = PBXFileReference; fileEncoding = 4; lastKnownFileType = sourcecode.swift; path = BaseViewController.swift; sourceTree = "<group>"; };
		8643996F1D09CB38003ECE2A /* LogInViewController.swift */ = {isa = PBXFileReference; fileEncoding = 4; lastKnownFileType = sourcecode.swift; path = LogInViewController.swift; sourceTree = "<group>"; };
		E203D0FD1D211E90007B7F8D /* ScanController.swift */ = {isa = PBXFileReference; fileEncoding = 4; lastKnownFileType = sourcecode.swift; path = ScanController.swift; sourceTree = "<group>"; };
		E203D1051D2270FA007B7F8D /* Alamofire.framework */ = {isa = PBXFileReference; lastKnownFileType = wrapper.framework; name = Alamofire.framework; path = Carthage/Build/iOS/Alamofire.framework; sourceTree = "<group>"; };
		E203D1071D228C99007B7F8D /* BarcodeRouter.swift */ = {isa = PBXFileReference; fileEncoding = 4; lastKnownFileType = sourcecode.swift; name = BarcodeRouter.swift; path = RetailInventoryToSwift/Classes/ViewControllers/Scan/BarcodeRouter.swift; sourceTree = SOURCE_ROOT; };
		E203D1091D22AFDD007B7F8D /* SelectDescriptionController.swift */ = {isa = PBXFileReference; fileEncoding = 4; lastKnownFileType = sourcecode.swift; path = SelectDescriptionController.swift; sourceTree = "<group>"; };
		E203D10B1D22B495007B7F8D /* SelectDescriptionCell.swift */ = {isa = PBXFileReference; fileEncoding = 4; lastKnownFileType = sourcecode.swift; path = SelectDescriptionCell.swift; sourceTree = "<group>"; };
		E203D10D1D23C7FC007B7F8D /* NetworkLoader.swift */ = {isa = PBXFileReference; fileEncoding = 4; lastKnownFileType = sourcecode.swift; name = NetworkLoader.swift; path = RetailInventoryToSwift/Classes/Model/NetworkLoader.swift; sourceTree = SOURCE_ROOT; };
		E203D1111D255D3B007B7F8D /* TaxeDepartmentRouter.swift */ = {isa = PBXFileReference; fileEncoding = 4; lastKnownFileType = sourcecode.swift; name = TaxeDepartmentRouter.swift; path = "RetailInventoryToSwift/Supporting files/TaxeDepartmentRouter.swift"; sourceTree = SOURCE_ROOT; };
		E203D1171D26774E007B7F8D /* TaxResponse.swift */ = {isa = PBXFileReference; fileEncoding = 4; lastKnownFileType = sourcecode.swift; name = TaxResponse.swift; path = ../TaxResponse.swift; sourceTree = "<group>"; };
		E203D1191D26775D007B7F8D /* DepartmentResponse.swift */ = {isa = PBXFileReference; fileEncoding = 4; lastKnownFileType = sourcecode.swift; name = DepartmentResponse.swift; path = ../DepartmentResponse.swift; sourceTree = "<group>"; };
		E203D11C1D2689EB007B7F8D /* UserDefault.swift */ = {isa = PBXFileReference; fileEncoding = 4; lastKnownFileType = sourcecode.swift; path = UserDefault.swift; sourceTree = "<group>"; };
		E20C9E351D1A7E1600CCAC30 /* SelectDetailController.swift */ = {isa = PBXFileReference; fileEncoding = 4; lastKnownFileType = sourcecode.swift; path = SelectDetailController.swift; sourceTree = "<group>"; };
		E20C9E371D1A8F6300CCAC30 /* DataManager.swift */ = {isa = PBXFileReference; fileEncoding = 4; lastKnownFileType = sourcecode.swift; path = DataManager.swift; sourceTree = "<group>"; };
		E22533881D193287008220CC /* AdjustStockLevels+CoreDataProperties.swift */ = {isa = PBXFileReference; fileEncoding = 4; lastKnownFileType = sourcecode.swift; path = "AdjustStockLevels+CoreDataProperties.swift"; sourceTree = "<group>"; };
		E22533891D193287008220CC /* AdjustStockLevels.swift */ = {isa = PBXFileReference; fileEncoding = 4; lastKnownFileType = sourcecode.swift; path = AdjustStockLevels.swift; sourceTree = "<group>"; };
		E22533901D1932A1008220CC /* InventoryList+CoreDataProperties.swift */ = {isa = PBXFileReference; fileEncoding = 4; lastKnownFileType = sourcecode.swift; path = "InventoryList+CoreDataProperties.swift"; sourceTree = "<group>"; };
		E22533911D1932A1008220CC /* InventoryList.swift */ = {isa = PBXFileReference; fileEncoding = 4; lastKnownFileType = sourcecode.swift; path = InventoryList.swift; sourceTree = "<group>"; };
		E2381A9A1D12ACB50023245A /* EntityMethods.swift */ = {isa = PBXFileReference; fileEncoding = 4; lastKnownFileType = sourcecode.swift; path = EntityMethods.swift; sourceTree = "<group>"; };
		E2381ADD1D12FE060023245A /* Constant.swift */ = {isa = PBXFileReference; fileEncoding = 4; lastKnownFileType = sourcecode.swift; path = Constant.swift; sourceTree = "<group>"; };
		E2381AE91D1307940023245A /* NavigationBar.swift */ = {isa = PBXFileReference; fileEncoding = 4; lastKnownFileType = sourcecode.swift; path = NavigationBar.swift; sourceTree = "<group>"; };
		E2381AEA1D1307940023245A /* String.swift */ = {isa = PBXFileReference; fileEncoding = 4; lastKnownFileType = sourcecode.swift; path = String.swift; sourceTree = "<group>"; };
		E2381AEB1D1307940023245A /* TableView.swift */ = {isa = PBXFileReference; fileEncoding = 4; lastKnownFileType = sourcecode.swift; path = TableView.swift; sourceTree = "<group>"; };
		E23B8DCD1D115D7E0028222D /* Localizable.strings */ = {isa = PBXFileReference; fileEncoding = 4; lastKnownFileType = text.plist.strings; name = Localizable.strings; path = "RetailInventoryToSwift/Supporting files/Localizable.strings"; sourceTree = SOURCE_ROOT; };
		E23C45061D1BE1D600B4BAC0 /* SelectDetailCell.swift */ = {isa = PBXFileReference; fileEncoding = 4; lastKnownFileType = sourcecode.swift; path = SelectDetailCell.swift; sourceTree = "<group>"; };
		E24F16EE1D2A82A6004B6601 /* Department+CoreDataProperties.swift */ = {isa = PBXFileReference; fileEncoding = 4; lastKnownFileType = sourcecode.swift; path = "Department+CoreDataProperties.swift"; sourceTree = "<group>"; };
		E24F16EF1D2A82A6004B6601 /* Department.swift */ = {isa = PBXFileReference; fileEncoding = 4; lastKnownFileType = sourcecode.swift; path = Department.swift; sourceTree = "<group>"; };
		E24F16F21D2A92E9004B6601 /* DepartmentTemplate.swift */ = {isa = PBXFileReference; fileEncoding = 4; lastKnownFileType = sourcecode.swift; path = DepartmentTemplate.swift; sourceTree = "<group>"; };
		E24F16F41D2A934C004B6601 /* VendorTemplate.swift */ = {isa = PBXFileReference; fileEncoding = 4; lastKnownFileType = sourcecode.swift; path = VendorTemplate.swift; sourceTree = "<group>"; };
		E24F16F81D2BBECC004B6601 /* harbortouch-webfont.ttf */ = {isa = PBXFileReference; lastKnownFileType = file; path = "harbortouch-webfont.ttf"; sourceTree = "<group>"; };
		E2A3DF001D103AA2005819E9 /* InventoryCell.swift */ = {isa = PBXFileReference; fileEncoding = 4; lastKnownFileType = sourcecode.swift; path = InventoryCell.swift; sourceTree = "<group>"; };
		E2A3DF041D104472005819E9 /* BaseCell.swift */ = {isa = PBXFileReference; fileEncoding = 4; lastKnownFileType = sourcecode.swift; path = BaseCell.swift; sourceTree = "<group>"; };
		E2A3DF0C1D1048A5005819E9 /* StoreSetup.swift */ = {isa = PBXFileReference; fileEncoding = 4; lastKnownFileType = sourcecode.swift; path = StoreSetup.swift; sourceTree = "<group>"; };
		E2A3DF101D1048E5005819E9 /* StoreSetupMethods.swift */ = {isa = PBXFileReference; fileEncoding = 4; lastKnownFileType = sourcecode.swift; path = StoreSetupMethods.swift; sourceTree = "<group>"; };
		E2D0E6F21D18292F007F0265 /* MagicalRecord.framework */ = {isa = PBXFileReference; lastKnownFileType = wrapper.framework; name = MagicalRecord.framework; path = Carthage/Build/iOS/MagicalRecord.framework; sourceTree = "<group>"; };
		E2D0E7051D183E1A007F0265 /* User+CoreDataProperties.swift */ = {isa = PBXFileReference; fileEncoding = 4; lastKnownFileType = sourcecode.swift; path = "User+CoreDataProperties.swift"; sourceTree = "<group>"; };
		E2D0E7061D183E1A007F0265 /* User.swift */ = {isa = PBXFileReference; fileEncoding = 4; lastKnownFileType = sourcecode.swift; path = User.swift; sourceTree = "<group>"; };
		E2D0E70D1D184043007F0265 /* TaxMethhods.swift */ = {isa = PBXFileReference; fileEncoding = 4; lastKnownFileType = sourcecode.swift; path = TaxMethhods.swift; sourceTree = "<group>"; };
		E2D0E70F1D184053007F0265 /* DepartmentMethods.swift */ = {isa = PBXFileReference; fileEncoding = 4; lastKnownFileType = sourcecode.swift; path = DepartmentMethods.swift; sourceTree = "<group>"; };
		E2D0E7111D18405F007F0265 /* VendorMethods.swift */ = {isa = PBXFileReference; fileEncoding = 4; lastKnownFileType = sourcecode.swift; path = VendorMethods.swift; sourceTree = "<group>"; };
		E2D0E7131D184072007F0265 /* UserMethods.swift */ = {isa = PBXFileReference; fileEncoding = 4; lastKnownFileType = sourcecode.swift; path = UserMethods.swift; sourceTree = "<group>"; };
		E2D0E7151D184089007F0265 /* AdjustStockLevelsMethods.swift */ = {isa = PBXFileReference; fileEncoding = 4; lastKnownFileType = sourcecode.swift; path = AdjustStockLevelsMethods.swift; sourceTree = "<group>"; };
		E2D0E7171D1840AB007F0265 /* InventoryListMethods.swift */ = {isa = PBXFileReference; fileEncoding = 4; lastKnownFileType = sourcecode.swift; path = InventoryListMethods.swift; sourceTree = "<group>"; };
		E2D0E7191D1840F6007F0265 /* InventoryController.swift */ = {isa = PBXFileReference; fileEncoding = 4; lastKnownFileType = sourcecode.swift; path = InventoryController.swift; sourceTree = "<group>"; };
		E2D0E71A1D1840F6007F0265 /* InventoryDetailController.swift */ = {isa = PBXFileReference; fileEncoding = 4; lastKnownFileType = sourcecode.swift; path = InventoryDetailController.swift; sourceTree = "<group>"; };
		E2D0E71D1D1851DB007F0265 /* InventaryDetailMethods.swift */ = {isa = PBXFileReference; fileEncoding = 4; lastKnownFileType = sourcecode.swift; path = InventaryDetailMethods.swift; sourceTree = "<group>"; };
		E2D0E7211D185274007F0265 /* InventoryDetailCell.swift */ = {isa = PBXFileReference; fileEncoding = 4; lastKnownFileType = sourcecode.swift; path = InventoryDetailCell.swift; sourceTree = "<group>"; };
/* End PBXFileReference section */

/* Begin PBXFrameworksBuildPhase section */
		7DFE49AB1D057D4100EDF2FC /* Frameworks */ = {
			isa = PBXFrameworksBuildPhase;
			buildActionMask = 2147483647;
			files = (
				E2D0E6F61D18292F007F0265 /* MagicalRecord.framework in Frameworks */,
				E203D1061D2270FA007B7F8D /* Alamofire.framework in Frameworks */,
			);
			runOnlyForDeploymentPostprocessing = 0;
		};
		7DFE49C21D057D4200EDF2FC /* Frameworks */ = {
			isa = PBXFrameworksBuildPhase;
			buildActionMask = 2147483647;
			files = (
			);
			runOnlyForDeploymentPostprocessing = 0;
		};
		7DFE49CD1D057D4200EDF2FC /* Frameworks */ = {
			isa = PBXFrameworksBuildPhase;
			buildActionMask = 2147483647;
			files = (
			);
			runOnlyForDeploymentPostprocessing = 0;
		};
/* End PBXFrameworksBuildPhase section */

/* Begin PBXGroup section */
		7D050A021D087BED0059CDD3 /* StoryBoards */ = {
			isa = PBXGroup;
			children = (
				864399631D09CA01003ECE2A /* LaunchScreen.storyboard */,
				864399651D09CA01003ECE2A /* Main.storyboard */,
			);
			path = StoryBoards;
			sourceTree = "<group>";
		};
		7DB578CA1D09963B00141217 /* Classes */ = {
			isa = PBXGroup;
			children = (
				7DB578EA1D099D8900141217 /* AppDelegate.swift */,
				7DB578CD1D09963B00141217 /* Model */,
				7DB578D11D09963B00141217 /* ViewControllers */,
				7DB578DD1D09963B00141217 /* Views */,
			);
			path = Classes;
			sourceTree = "<group>";
		};
		7DB578CD1D09963B00141217 /* Model */ = {
			isa = PBXGroup;
			children = (
				E2381AE81D1307940023245A /* Utils */,
				E2A3DF021D104449005819E9 /* Entity */,
				E2A3DF031D104449005819E9 /* EntityMethods */,
				7DB578CE1D09963B00141217 /* CoreData */,
				7DB578CF1D09963B00141217 /* Network */,
				E203D11C1D2689EB007B7F8D /* UserDefault.swift */,
			);
			path = Model;
			sourceTree = "<group>";
		};
		7DB578CE1D09963B00141217 /* CoreData */ = {
			isa = PBXGroup;
			children = (
				7DB578EC1D099FD800141217 /* RetailInventoryToSwift.xcdatamodeld */,
				E20C9E371D1A8F6300CCAC30 /* DataManager.swift */,
			);
			path = CoreData;
			sourceTree = "<group>";
		};
		7DB578CF1D09963B00141217 /* Network */ = {
			isa = PBXGroup;
			children = (
				E203D1071D228C99007B7F8D /* BarcodeRouter.swift */,
				E203D1111D255D3B007B7F8D /* TaxeDepartmentRouter.swift */,
				E203D10D1D23C7FC007B7F8D /* NetworkLoader.swift */,
			);
			path = Network;
			sourceTree = "<group>";
		};
		7DB578D11D09963B00141217 /* ViewControllers */ = {
			isa = PBXGroup;
			children = (
				8643996E1D09CB38003ECE2A /* Auth */,
				8643996B1D09CB2E003ECE2A /* Base */,
				7DB578D51D09963B00141217 /* Main */,
				7DB578D31D09963B00141217 /* Inventory */,
				E203D0FC1D211E73007B7F8D /* Scan */,
				7DB578D91D09963B00141217 /* StockLevels */,
				7DB578DB1D09963B00141217 /* StoreSetup */,
			);
			path = ViewControllers;
			sourceTree = "<group>";
		};
		7DB578D31D09963B00141217 /* Inventory */ = {
			isa = PBXGroup;
			children = (
				E2D0E7191D1840F6007F0265 /* InventoryController.swift */,
				E2D0E71A1D1840F6007F0265 /* InventoryDetailController.swift */,
				E20C9E351D1A7E1600CCAC30 /* SelectDetailController.swift */,
				E203D1091D22AFDD007B7F8D /* SelectDescriptionController.swift */,
			);
			path = Inventory;
			sourceTree = "<group>";
		};
		7DB578D51D09963B00141217 /* Main */ = {
			isa = PBXGroup;
			children = (
				7DB578D71D09963B00141217 /* MenuViewController.swift */,
			);
			path = Main;
			sourceTree = "<group>";
		};
		7DB578D91D09963B00141217 /* StockLevels */ = {
			isa = PBXGroup;
			children = (
				7DB578DA1D09963B00141217 /* AdjustViewController.swift */,
			);
			path = StockLevels;
			sourceTree = "<group>";
		};
		7DB578DB1D09963B00141217 /* StoreSetup */ = {
			isa = PBXGroup;
			children = (
				7DDA94781D22AD87000DB7A7 /* Departments and Vendors */,
				7DDA94751D22A7CD000DB7A7 /* Taxes */,
				7DB578DC1D09963B00141217 /* StoreSetupViewController.swift */,
			);
			path = StoreSetup;
			sourceTree = "<group>";
		};
		7DB578DD1D09963B00141217 /* Views */ = {
			isa = PBXGroup;
			children = (
				7DB578DE1D09963B00141217 /* Cells */,
			);
			path = Views;
			sourceTree = "<group>";
		};
		7DB578DE1D09963B00141217 /* Cells */ = {
			isa = PBXGroup;
			children = (
				7DDA947D1D22BE4A000DB7A7 /* StoreSetup */,
				E2A3DF001D103AA2005819E9 /* InventoryCell.swift */,
				E2D0E7211D185274007F0265 /* InventoryDetailCell.swift */,
				E23C45061D1BE1D600B4BAC0 /* SelectDetailCell.swift */,
				E2A3DF041D104472005819E9 /* BaseCell.swift */,
				E203D10B1D22B495007B7F8D /* SelectDescriptionCell.swift */,
			);
			path = Cells;
			sourceTree = "<group>";
		};
		7DB578E91D099D4F00141217 /* Supporting Files */ = {
			isa = PBXGroup;
			children = (
				864399691D09CA27003ECE2A /* Info.plist */,
			);
			path = "Supporting Files";
			sourceTree = "<group>";
		};
		7DDA94751D22A7CD000DB7A7 /* Taxes */ = {
			isa = PBXGroup;
			children = (
				7DDA94761D22A853000DB7A7 /* TaxesViewController.swift */,
			);
			name = Taxes;
			sourceTree = "<group>";
		};
		7DDA94781D22AD87000DB7A7 /* Departments and Vendors */ = {
			isa = PBXGroup;
			children = (
				7DDA947C1D22BD94000DB7A7 /* AddVendorsViewController */,
				7DDA947B1D22BD7F000DB7A7 /* AddDepartmentsViewController */,
				7DDA94791D22ADB9000DB7A7 /* DepartmentsAndVendorsViewController.swift */,
			);
			name = "Departments and Vendors";
			sourceTree = "<group>";
		};
		7DDA947B1D22BD7F000DB7A7 /* AddDepartmentsViewController */ = {
			isa = PBXGroup;
			children = (
				7DDA94801D22BF29000DB7A7 /* AddDepartmentViewController.swift */,
				7DDA94881D22C4AC000DB7A7 /* IconsViewController.swift */,
			);
			name = AddDepartmentsViewController;
			sourceTree = "<group>";
		};
		7DDA947C1D22BD94000DB7A7 /* AddVendorsViewController */ = {
			isa = PBXGroup;
			children = (
				7DDA94821D22BF39000DB7A7 /* AddVendorViewController.swift */,
			);
			name = AddVendorsViewController;
			sourceTree = "<group>";
		};
		7DDA947D1D22BE4A000DB7A7 /* StoreSetup */ = {
			isa = PBXGroup;
			children = (
				7DB578E01D09963B00141217 /* StoreSetupCell.swift */,
				7DDA947E1D22BE7C000DB7A7 /* DepartmentAndVendorCell.swift */,
				7DDA94841D22BFD5000DB7A7 /* AddDepartmentCell.swift */,
				7DDA94861D22BFE4000DB7A7 /* AddVendorCell.swift */,
				7DDA948A1D22C4D8000DB7A7 /* IconsCell.swift */,
				7DDA948C1D22C565000DB7A7 /* TaxCell.swift */,
			);
			name = StoreSetup;
			sourceTree = "<group>";
		};
		7DDA948E1D22CB9F000DB7A7 /* StoreSetupMethods */ = {
			isa = PBXGroup;
			children = (
				E2D0E7111D18405F007F0265 /* VendorMethods.swift */,
				E2D0E70D1D184043007F0265 /* TaxMethhods.swift */,
				E2D0E70F1D184053007F0265 /* DepartmentMethods.swift */,
				E2A3DF101D1048E5005819E9 /* StoreSetupMethods.swift */,
				7DDA948F1D22CC79000DB7A7 /* AddDepartmentsMethods.swift */,
				7DDA94911D22CC87000DB7A7 /* AddVendorsMethods.swift */,
			);
			name = StoreSetupMethods;
			sourceTree = "<group>";
		};
		7DDA94931D22CCD5000DB7A7 /* StoreSetup */ = {
			isa = PBXGroup;
			children = (
				E2A3DF0C1D1048A5005819E9 /* StoreSetup.swift */,
				7DF82EA91D251D6C005B169B /* Tax+CoreDataProperties.swift */,
				7DF82EAA1D251D6C005B169B /* Tax.swift */,
				7DDA94941D22CCFD000DB7A7 /* AddDepartments.swift */,
				7DDA94961D22CD0B000DB7A7 /* AddVendors.swift */,
				7DF82E9D1D241E52005B169B /* Vendor+CoreDataProperties.swift */,
				7DF82E9E1D241E52005B169B /* Vendor.swift */,
				E24F16EE1D2A82A6004B6601 /* Department+CoreDataProperties.swift */,
				E24F16EF1D2A82A6004B6601 /* Department.swift */,
				E24F16F21D2A92E9004B6601 /* DepartmentTemplate.swift */,
				E24F16F41D2A934C004B6601 /* VendorTemplate.swift */,
			);
			name = StoreSetup;
			sourceTree = "<group>";
		};
		7DFE49A51D057D4100EDF2FC = {
			isa = PBXGroup;
			children = (
				E203D1051D2270FA007B7F8D /* Alamofire.framework */,
				E2D0E6F21D18292F007F0265 /* MagicalRecord.framework */,
				7DFE49B01D057D4100EDF2FC /* RetailInventoryToSwift */,
				7DFE49C81D057D4200EDF2FC /* RetailInventoryToSwiftTests */,
				7DFE49D31D057D4200EDF2FC /* RetailInventoryToSwiftUITests */,
				7DFE49AF1D057D4100EDF2FC /* Products */,
			);
			sourceTree = "<group>";
		};
		7DFE49AF1D057D4100EDF2FC /* Products */ = {
			isa = PBXGroup;
			children = (
				7DFE49AE1D057D4100EDF2FC /* RetailInventoryToSwift.app */,
				7DFE49C51D057D4200EDF2FC /* RetailInventoryToSwiftTests.xctest */,
				7DFE49D01D057D4200EDF2FC /* RetailInventoryToSwiftUITests.xctest */,
			);
			name = Products;
			sourceTree = "<group>";
		};
		7DFE49B01D057D4100EDF2FC /* RetailInventoryToSwift */ = {
			isa = PBXGroup;
			children = (
				E24F16F71D2BBECC004B6601 /* fonts */,
				7DB578CA1D09963B00141217 /* Classes */,
				E23B8DCC1D115D6A0028222D /* Supporting files */,
				7D050A061D0881070059CDD3 /* Images.xcassets */,
				7D050A021D087BED0059CDD3 /* StoryBoards */,
				7DB578E91D099D4F00141217 /* Supporting Files */,
			);
			path = RetailInventoryToSwift;
			sourceTree = "<group>";
		};
		7DFE49C81D057D4200EDF2FC /* RetailInventoryToSwiftTests */ = {
			isa = PBXGroup;
			children = (
				7DFE49C91D057D4200EDF2FC /* RetailInventoryToSwiftTests.swift */,
				7DFE49CB1D057D4200EDF2FC /* Info.plist */,
			);
			path = RetailInventoryToSwiftTests;
			sourceTree = "<group>";
		};
		7DFE49D31D057D4200EDF2FC /* RetailInventoryToSwiftUITests */ = {
			isa = PBXGroup;
			children = (
				7DFE49D41D057D4200EDF2FC /* RetailInventoryToSwiftUITests.swift */,
				7DFE49D61D057D4200EDF2FC /* Info.plist */,
			);
			path = RetailInventoryToSwiftUITests;
			sourceTree = "<group>";
		};
		8643996B1D09CB2E003ECE2A /* Base */ = {
			isa = PBXGroup;
			children = (
				8643996C1D09CB2E003ECE2A /* BaseViewController.swift */,
			);
			path = Base;
			sourceTree = "<group>";
		};
		8643996E1D09CB38003ECE2A /* Auth */ = {
			isa = PBXGroup;
			children = (
				8643996F1D09CB38003ECE2A /* LogInViewController.swift */,
			);
			path = Auth;
			sourceTree = "<group>";
		};
		E203D0FC1D211E73007B7F8D /* Scan */ = {
			isa = PBXGroup;
			children = (
				E203D0FD1D211E90007B7F8D /* ScanController.swift */,
			);
			path = Scan;
			sourceTree = "<group>";
		};
		E203D11B1D267782007B7F8D /* NetworkEntity */ = {
			isa = PBXGroup;
			children = (
				E203D1171D26774E007B7F8D /* TaxResponse.swift */,
				E203D1191D26775D007B7F8D /* DepartmentResponse.swift */,
			);
			path = NetworkEntity;
			sourceTree = "<group>";
		};
		E2381AE81D1307940023245A /* Utils */ = {
			isa = PBXGroup;
			children = (
				E2381AE91D1307940023245A /* NavigationBar.swift */,
				E2381AEA1D1307940023245A /* String.swift */,
				E2381AEB1D1307940023245A /* TableView.swift */,
			);
			path = Utils;
			sourceTree = "<group>";
		};
		E23B8DCC1D115D6A0028222D /* Supporting files */ = {
			isa = PBXGroup;
			children = (
				E23B8DCD1D115D7E0028222D /* Localizable.strings */,
				E2381ADD1D12FE060023245A /* Constant.swift */,
			);
			path = "Supporting files";
			sourceTree = "<group>";
		};
		E24F16F71D2BBECC004B6601 /* fonts */ = {
			isa = PBXGroup;
			children = (
				E24F16F81D2BBECC004B6601 /* harbortouch-webfont.ttf */,
			);
			path = fonts;
			sourceTree = "<group>";
		};
		E2A3DF021D104449005819E9 /* Entity */ = {
			isa = PBXGroup;
			children = (
				E203D11B1D267782007B7F8D /* NetworkEntity */,
				7DDA94931D22CCD5000DB7A7 /* StoreSetup */,
				E2D0E7051D183E1A007F0265 /* User+CoreDataProperties.swift */,
				E2D0E7061D183E1A007F0265 /* User.swift */,
				E22533881D193287008220CC /* AdjustStockLevels+CoreDataProperties.swift */,
				E22533891D193287008220CC /* AdjustStockLevels.swift */,
				E22533901D1932A1008220CC /* InventoryList+CoreDataProperties.swift */,
				E22533911D1932A1008220CC /* InventoryList.swift */,
			);
			path = Entity;
			sourceTree = "<group>";
		};
		E2A3DF031D104449005819E9 /* EntityMethods */ = {
			isa = PBXGroup;
			children = (
				7DDA948E1D22CB9F000DB7A7 /* StoreSetupMethods */,
				E2D0E7171D1840AB007F0265 /* InventoryListMethods.swift */,
				E2D0E71D1D1851DB007F0265 /* InventaryDetailMethods.swift */,
				E2381A9A1D12ACB50023245A /* EntityMethods.swift */,
				E2D0E7131D184072007F0265 /* UserMethods.swift */,
				E2D0E7151D184089007F0265 /* AdjustStockLevelsMethods.swift */,
			);
			path = EntityMethods;
			sourceTree = "<group>";
		};
/* End PBXGroup section */

/* Begin PBXNativeTarget section */
		7DFE49AD1D057D4100EDF2FC /* RetailInventoryToSwift */ = {
			isa = PBXNativeTarget;
			buildConfigurationList = 7DFE49D91D057D4200EDF2FC /* Build configuration list for PBXNativeTarget "RetailInventoryToSwift" */;
			buildPhases = (
				7DFE49AA1D057D4100EDF2FC /* Sources */,
				7DFE49AB1D057D4100EDF2FC /* Frameworks */,
				7DFE49AC1D057D4100EDF2FC /* Resources */,
				E2D0E6F81D1829B3007F0265 /* ShellScript */,
			);
			buildRules = (
			);
			dependencies = (
			);
			name = RetailInventoryToSwift;
			productName = RetailInventoryToSwift;
			productReference = 7DFE49AE1D057D4100EDF2FC /* RetailInventoryToSwift.app */;
			productType = "com.apple.product-type.application";
		};
		7DFE49C41D057D4200EDF2FC /* RetailInventoryToSwiftTests */ = {
			isa = PBXNativeTarget;
			buildConfigurationList = 7DFE49DC1D057D4200EDF2FC /* Build configuration list for PBXNativeTarget "RetailInventoryToSwiftTests" */;
			buildPhases = (
				7DFE49C11D057D4200EDF2FC /* Sources */,
				7DFE49C21D057D4200EDF2FC /* Frameworks */,
				7DFE49C31D057D4200EDF2FC /* Resources */,
			);
			buildRules = (
			);
			dependencies = (
				7DFE49C71D057D4200EDF2FC /* PBXTargetDependency */,
			);
			name = RetailInventoryToSwiftTests;
			productName = RetailInventoryToSwiftTests;
			productReference = 7DFE49C51D057D4200EDF2FC /* RetailInventoryToSwiftTests.xctest */;
			productType = "com.apple.product-type.bundle.unit-test";
		};
		7DFE49CF1D057D4200EDF2FC /* RetailInventoryToSwiftUITests */ = {
			isa = PBXNativeTarget;
			buildConfigurationList = 7DFE49DF1D057D4200EDF2FC /* Build configuration list for PBXNativeTarget "RetailInventoryToSwiftUITests" */;
			buildPhases = (
				7DFE49CC1D057D4200EDF2FC /* Sources */,
				7DFE49CD1D057D4200EDF2FC /* Frameworks */,
				7DFE49CE1D057D4200EDF2FC /* Resources */,
			);
			buildRules = (
			);
			dependencies = (
				7DFE49D21D057D4200EDF2FC /* PBXTargetDependency */,
			);
			name = RetailInventoryToSwiftUITests;
			productName = RetailInventoryToSwiftUITests;
			productReference = 7DFE49D01D057D4200EDF2FC /* RetailInventoryToSwiftUITests.xctest */;
			productType = "com.apple.product-type.bundle.ui-testing";
		};
/* End PBXNativeTarget section */

/* Begin PBXProject section */
		7DFE49A61D057D4100EDF2FC /* Project object */ = {
			isa = PBXProject;
			attributes = {
				LastSwiftUpdateCheck = 0730;
				LastUpgradeCheck = 0730;
				ORGANIZATIONNAME = "Anashkin, Evgeny";
				TargetAttributes = {
					7DFE49AD1D057D4100EDF2FC = {
						CreatedOnToolsVersion = 7.3.1;
					};
					7DFE49C41D057D4200EDF2FC = {
						CreatedOnToolsVersion = 7.3.1;
						TestTargetID = 7DFE49AD1D057D4100EDF2FC;
					};
					7DFE49CF1D057D4200EDF2FC = {
						CreatedOnToolsVersion = 7.3.1;
						TestTargetID = 7DFE49AD1D057D4100EDF2FC;
					};
				};
			};
			buildConfigurationList = 7DFE49A91D057D4100EDF2FC /* Build configuration list for PBXProject "RetailInventoryToSwift" */;
			compatibilityVersion = "Xcode 3.2";
			developmentRegion = English;
			hasScannedForEncodings = 0;
			knownRegions = (
				en,
				Base,
			);
			mainGroup = 7DFE49A51D057D4100EDF2FC;
			productRefGroup = 7DFE49AF1D057D4100EDF2FC /* Products */;
			projectDirPath = "";
			projectRoot = "";
			targets = (
				7DFE49AD1D057D4100EDF2FC /* RetailInventoryToSwift */,
				7DFE49C41D057D4200EDF2FC /* RetailInventoryToSwiftTests */,
				7DFE49CF1D057D4200EDF2FC /* RetailInventoryToSwiftUITests */,
			);
		};
/* End PBXProject section */

/* Begin PBXResourcesBuildPhase section */
		7DFE49AC1D057D4100EDF2FC /* Resources */ = {
			isa = PBXResourcesBuildPhase;
			buildActionMask = 2147483647;
			files = (
				E24F16F91D2BBECC004B6601 /* harbortouch-webfont.ttf in Resources */,
				864399681D09CA01003ECE2A /* Main.storyboard in Resources */,
				E23B8DCE1D115D7E0028222D /* Localizable.strings in Resources */,
				7D050A071D0881070059CDD3 /* Images.xcassets in Resources */,
				864399671D09CA01003ECE2A /* LaunchScreen.storyboard in Resources */,
				7DFE49B71D057D4100EDF2FC /* (null) in Resources */,
			);
			runOnlyForDeploymentPostprocessing = 0;
		};
		7DFE49C31D057D4200EDF2FC /* Resources */ = {
			isa = PBXResourcesBuildPhase;
			buildActionMask = 2147483647;
			files = (
			);
			runOnlyForDeploymentPostprocessing = 0;
		};
		7DFE49CE1D057D4200EDF2FC /* Resources */ = {
			isa = PBXResourcesBuildPhase;
			buildActionMask = 2147483647;
			files = (
			);
			runOnlyForDeploymentPostprocessing = 0;
		};
/* End PBXResourcesBuildPhase section */

/* Begin PBXShellScriptBuildPhase section */
		E2D0E6F81D1829B3007F0265 /* ShellScript */ = {
			isa = PBXShellScriptBuildPhase;
			buildActionMask = 2147483647;
			files = (
			);
			inputPaths = (
				"$(SRCROOT)/Carthage/Build/iOS/MagicalRecord.framework",
				"$(SRCROOT)/Carthage/Build/iOS/Alamofire.framework",
			);
			outputPaths = (
			);
			runOnlyForDeploymentPostprocessing = 0;
			shellPath = /bin/sh;
			shellScript = "carthage copy-frameworks";
		};
/* End PBXShellScriptBuildPhase section */

/* Begin PBXSourcesBuildPhase section */
		7DFE49AA1D057D4100EDF2FC /* Sources */ = {
			isa = PBXSourcesBuildPhase;
			buildActionMask = 2147483647;
			files = (
				8643996D1D09CB2E003ECE2A /* BaseViewController.swift in Sources */,
				7DDA948B1D22C4D8000DB7A7 /* IconsCell.swift in Sources */,
				E24F16F51D2A934C004B6601 /* VendorTemplate.swift in Sources */,
				E203D11A1D26775D007B7F8D /* DepartmentResponse.swift in Sources */,
				7DB578E61D09963B00141217 /* StoreSetupViewController.swift in Sources */,
				E2D0E71B1D1840F6007F0265 /* InventoryController.swift in Sources */,
				7DB578E51D09963B00141217 /* AdjustViewController.swift in Sources */,
				7DDA947A1D22ADB9000DB7A7 /* DepartmentsAndVendorsViewController.swift in Sources */,
				E2381AEE1D1307940023245A /* TableView.swift in Sources */,
				E2381AED1D1307940023245A /* String.swift in Sources */,
				E2381AEC1D1307940023245A /* NavigationBar.swift in Sources */,
				7DDA94971D22CD0B000DB7A7 /* AddVendors.swift in Sources */,
				E203D1081D228C99007B7F8D /* BarcodeRouter.swift in Sources */,
				E203D11D1D2689EB007B7F8D /* UserDefault.swift in Sources */,
				E24F16F31D2A92E9004B6601 /* DepartmentTemplate.swift in Sources */,
				7DF82EAC1D251D6C005B169B /* Tax.swift in Sources */,
				E2A3DF051D104472005819E9 /* BaseCell.swift in Sources */,
				7DDA948D1D22C565000DB7A7 /* TaxCell.swift in Sources */,
				E2A3DF0D1D1048A5005819E9 /* StoreSetup.swift in Sources */,
				7DDA94771D22A853000DB7A7 /* TaxesViewController.swift in Sources */,
				E203D0FE1D211E90007B7F8D /* ScanController.swift in Sources */,
				E2A3DF011D103AA2005819E9 /* InventoryCell.swift in Sources */,
				E22533921D1932A1008220CC /* InventoryList+CoreDataProperties.swift in Sources */,
				E24F16F01D2A82A6004B6601 /* Department+CoreDataProperties.swift in Sources */,
				E24F16F11D2A82A6004B6601 /* Department.swift in Sources */,
				7DDA94831D22BF39000DB7A7 /* AddVendorViewController.swift in Sources */,
				7DB578EE1D099FD800141217 /* RetailInventoryToSwift.xcdatamodeld in Sources */,
				E20C9E381D1A8F6300CCAC30 /* DataManager.swift in Sources */,
				E23C45071D1BE1D600B4BAC0 /* SelectDetailCell.swift in Sources */,
				7DDA947F1D22BE7C000DB7A7 /* DepartmentAndVendorCell.swift in Sources */,
				7DF82EAB1D251D6C005B169B /* Tax+CoreDataProperties.swift in Sources */,
				E2D0E7071D183E1A007F0265 /* User+CoreDataProperties.swift in Sources */,
				E2D0E7181D1840AB007F0265 /* InventoryListMethods.swift in Sources */,
				7DDA94871D22BFE4000DB7A7 /* AddVendorCell.swift in Sources */,
				7DDA94901D22CC79000DB7A7 /* AddDepartmentsMethods.swift in Sources */,
				7DDA94811D22BF29000DB7A7 /* AddDepartmentViewController.swift in Sources */,
				E225338A1D193287008220CC /* AdjustStockLevels+CoreDataProperties.swift in Sources */,
				E2D0E7121D18405F007F0265 /* VendorMethods.swift in Sources */,
				7DB578E41D09963B00141217 /* MenuViewController.swift in Sources */,
				E2D0E7161D184089007F0265 /* AdjustStockLevelsMethods.swift in Sources */,
				E203D10A1D22AFDD007B7F8D /* SelectDescriptionController.swift in Sources */,
				E225338B1D193287008220CC /* AdjustStockLevels.swift in Sources */,
				E22533931D1932A1008220CC /* InventoryList.swift in Sources */,
				864399701D09CB38003ECE2A /* LogInViewController.swift in Sources */,
				E203D1181D26774E007B7F8D /* TaxResponse.swift in Sources */,
				E203D1121D255D3B007B7F8D /* TaxeDepartmentRouter.swift in Sources */,
				7DF82E9F1D241E52005B169B /* Vendor+CoreDataProperties.swift in Sources */,
				E203D10E1D23C7FC007B7F8D /* NetworkLoader.swift in Sources */,
				E20C9E361D1A7E1600CCAC30 /* SelectDetailController.swift in Sources */,
				E203D10C1D22B495007B7F8D /* SelectDescriptionCell.swift in Sources */,
				7DB578E81D09963B00141217 /* StoreSetupCell.swift in Sources */,
				E2A3DF111D1048E5005819E9 /* StoreSetupMethods.swift in Sources */,
				7DDA94891D22C4AC000DB7A7 /* IconsViewController.swift in Sources */,
				E2D0E7141D184072007F0265 /* UserMethods.swift in Sources */,
				E2381ADE1D12FE060023245A /* Constant.swift in Sources */,
				E2D0E7101D184053007F0265 /* DepartmentMethods.swift in Sources */,
				7DB578EB1D099D8900141217 /* AppDelegate.swift in Sources */,
				7DDA94951D22CCFD000DB7A7 /* AddDepartments.swift in Sources */,
				E2D0E7221D185274007F0265 /* InventoryDetailCell.swift in Sources */,
				7DDA94921D22CC87000DB7A7 /* AddVendorsMethods.swift in Sources */,
				E2D0E71E1D1851DB007F0265 /* InventaryDetailMethods.swift in Sources */,
				E2381A9B1D12ACB50023245A /* EntityMethods.swift in Sources */,
				E2D0E70E1D184043007F0265 /* TaxMethhods.swift in Sources */,
				7DF82EA01D241E52005B169B /* Vendor.swift in Sources */,
				7DDA94851D22BFD5000DB7A7 /* AddDepartmentCell.swift in Sources */,
				E2D0E7081D183E1A007F0265 /* User.swift in Sources */,
				E2D0E71C1D1840F6007F0265 /* InventoryDetailController.swift in Sources */,
			);
			runOnlyForDeploymentPostprocessing = 0;
		};
		7DFE49C11D057D4200EDF2FC /* Sources */ = {
			isa = PBXSourcesBuildPhase;
			buildActionMask = 2147483647;
			files = (
				7DFE49CA1D057D4200EDF2FC /* RetailInventoryToSwiftTests.swift in Sources */,
			);
			runOnlyForDeploymentPostprocessing = 0;
		};
		7DFE49CC1D057D4200EDF2FC /* Sources */ = {
			isa = PBXSourcesBuildPhase;
			buildActionMask = 2147483647;
			files = (
				7DFE49D51D057D4200EDF2FC /* RetailInventoryToSwiftUITests.swift in Sources */,
			);
			runOnlyForDeploymentPostprocessing = 0;
		};
/* End PBXSourcesBuildPhase section */

/* Begin PBXTargetDependency section */
		7DFE49C71D057D4200EDF2FC /* PBXTargetDependency */ = {
			isa = PBXTargetDependency;
			target = 7DFE49AD1D057D4100EDF2FC /* RetailInventoryToSwift */;
			targetProxy = 7DFE49C61D057D4200EDF2FC /* PBXContainerItemProxy */;
		};
		7DFE49D21D057D4200EDF2FC /* PBXTargetDependency */ = {
			isa = PBXTargetDependency;
			target = 7DFE49AD1D057D4100EDF2FC /* RetailInventoryToSwift */;
			targetProxy = 7DFE49D11D057D4200EDF2FC /* PBXContainerItemProxy */;
		};
/* End PBXTargetDependency section */

/* Begin PBXVariantGroup section */
		864399631D09CA01003ECE2A /* LaunchScreen.storyboard */ = {
			isa = PBXVariantGroup;
			children = (
				864399641D09CA01003ECE2A /* Base */,
			);
			name = LaunchScreen.storyboard;
			sourceTree = "<group>";
		};
		864399651D09CA01003ECE2A /* Main.storyboard */ = {
			isa = PBXVariantGroup;
			children = (
				864399661D09CA01003ECE2A /* Base */,
			);
			name = Main.storyboard;
			sourceTree = "<group>";
		};
/* End PBXVariantGroup section */

/* Begin XCBuildConfiguration section */
		7DFE49D71D057D4200EDF2FC /* Debug */ = {
			isa = XCBuildConfiguration;
			buildSettings = {
				ALWAYS_SEARCH_USER_PATHS = NO;
				CLANG_ANALYZER_LOCALIZABILITY_NONLOCALIZED = NO;
				CLANG_ANALYZER_NONNULL = YES;
				CLANG_CXX_LANGUAGE_STANDARD = "gnu++0x";
				CLANG_CXX_LIBRARY = "libc++";
				CLANG_ENABLE_MODULES = YES;
				CLANG_ENABLE_OBJC_ARC = YES;
				CLANG_WARN_BOOL_CONVERSION = YES;
				CLANG_WARN_CONSTANT_CONVERSION = YES;
				CLANG_WARN_DIRECT_OBJC_ISA_USAGE = YES_ERROR;
				CLANG_WARN_EMPTY_BODY = YES;
				CLANG_WARN_ENUM_CONVERSION = YES;
				CLANG_WARN_INT_CONVERSION = YES;
				CLANG_WARN_OBJC_ROOT_CLASS = YES_ERROR;
				CLANG_WARN_UNREACHABLE_CODE = YES;
				CLANG_WARN__DUPLICATE_METHOD_MATCH = YES;
				"CODE_SIGN_IDENTITY[sdk=iphoneos*]" = "iPhone Developer";
				COPY_PHASE_STRIP = NO;
				DEBUG_INFORMATION_FORMAT = dwarf;
				ENABLE_BITCODE = YES;
				ENABLE_STRICT_OBJC_MSGSEND = YES;
				ENABLE_TESTABILITY = YES;
				GCC_C_LANGUAGE_STANDARD = gnu99;
				GCC_DYNAMIC_NO_PIC = NO;
				GCC_NO_COMMON_BLOCKS = YES;
				GCC_OPTIMIZATION_LEVEL = 0;
				GCC_PREPROCESSOR_DEFINITIONS = (
					"DEBUG=1",
					"$(inherited)",
				);
				GCC_WARN_64_TO_32_BIT_CONVERSION = YES;
				GCC_WARN_ABOUT_RETURN_TYPE = YES_ERROR;
				GCC_WARN_UNDECLARED_SELECTOR = YES;
				GCC_WARN_UNINITIALIZED_AUTOS = YES_AGGRESSIVE;
				GCC_WARN_UNUSED_FUNCTION = YES;
				GCC_WARN_UNUSED_VARIABLE = YES;
				IPHONEOS_DEPLOYMENT_TARGET = 9.3;
				MTL_ENABLE_DEBUG_INFO = YES;
				ONLY_ACTIVE_ARCH = YES;
				SDKROOT = iphoneos9.3;
				SWIFT_OPTIMIZATION_LEVEL = "-Onone";
			};
			name = Debug;
		};
		7DFE49D81D057D4200EDF2FC /* Release */ = {
			isa = XCBuildConfiguration;
			buildSettings = {
				ALWAYS_SEARCH_USER_PATHS = NO;
				CLANG_ANALYZER_LOCALIZABILITY_NONLOCALIZED = NO;
				CLANG_ANALYZER_NONNULL = YES;
				CLANG_CXX_LANGUAGE_STANDARD = "gnu++0x";
				CLANG_CXX_LIBRARY = "libc++";
				CLANG_ENABLE_MODULES = YES;
				CLANG_ENABLE_OBJC_ARC = YES;
				CLANG_WARN_BOOL_CONVERSION = YES;
				CLANG_WARN_CONSTANT_CONVERSION = YES;
				CLANG_WARN_DIRECT_OBJC_ISA_USAGE = YES_ERROR;
				CLANG_WARN_EMPTY_BODY = YES;
				CLANG_WARN_ENUM_CONVERSION = YES;
				CLANG_WARN_INT_CONVERSION = YES;
				CLANG_WARN_OBJC_ROOT_CLASS = YES_ERROR;
				CLANG_WARN_UNREACHABLE_CODE = YES;
				CLANG_WARN__DUPLICATE_METHOD_MATCH = YES;
				"CODE_SIGN_IDENTITY[sdk=iphoneos*]" = "iPhone Developer";
				COPY_PHASE_STRIP = NO;
				DEBUG_INFORMATION_FORMAT = "dwarf-with-dsym";
				ENABLE_BITCODE = YES;
				ENABLE_NS_ASSERTIONS = NO;
				ENABLE_STRICT_OBJC_MSGSEND = YES;
				GCC_C_LANGUAGE_STANDARD = gnu99;
				GCC_NO_COMMON_BLOCKS = YES;
				GCC_WARN_64_TO_32_BIT_CONVERSION = YES;
				GCC_WARN_ABOUT_RETURN_TYPE = YES_ERROR;
				GCC_WARN_UNDECLARED_SELECTOR = YES;
				GCC_WARN_UNINITIALIZED_AUTOS = YES_AGGRESSIVE;
				GCC_WARN_UNUSED_FUNCTION = YES;
				GCC_WARN_UNUSED_VARIABLE = YES;
				IPHONEOS_DEPLOYMENT_TARGET = 9.3;
				MTL_ENABLE_DEBUG_INFO = NO;
				ONLY_ACTIVE_ARCH = YES;
				SDKROOT = iphoneos9.3;
				VALIDATE_PRODUCT = YES;
			};
			name = Release;
		};
		7DFE49DA1D057D4200EDF2FC /* Debug */ = {
			isa = XCBuildConfiguration;
			buildSettings = {
				ASSETCATALOG_COMPILER_APPICON_NAME = AppIcon;
				CLANG_ENABLE_MODULES = YES;
				CODE_SIGN_IDENTITY = "iPhone Developer";
				FRAMEWORK_SEARCH_PATHS = (
					"$(inherited)",
					"$(PROJECT_DIR)/Carthage/Build/iOS",
					"$(PROJECT_DIR)/RetailInventoryToSwift/Classes/Model/Entity",
					"$(PROJECT_DIR)/RetailInventoryToSwift",
				);
				INFOPLIST_FILE = RetailInventoryToSwift/Info.plist;
				IPHONEOS_DEPLOYMENT_TARGET = 9.3;
				LD_RUNPATH_SEARCH_PATHS = "$(inherited) @executable_path/Frameworks";
				PRODUCT_BUNDLE_IDENTIFIER = Itransition.RetailInventoryToSwift;
				PRODUCT_NAME = "$(TARGET_NAME)";
				SWIFT_OBJC_BRIDGING_HEADER = "RetailInventoryToSwift/Classes/Model/Entity/RetailInventoryToSwift-Bridging-Header.h";
				SWIFT_OPTIMIZATION_LEVEL = "-Onone";
				TARGETED_DEVICE_FAMILY = 1;
			};
			name = Debug;
		};
		7DFE49DB1D057D4200EDF2FC /* Release */ = {
			isa = XCBuildConfiguration;
			buildSettings = {
				ASSETCATALOG_COMPILER_APPICON_NAME = AppIcon;
				CLANG_ENABLE_MODULES = YES;
				CODE_SIGN_IDENTITY = "iPhone Developer";
				FRAMEWORK_SEARCH_PATHS = (
					"$(inherited)",
					"$(PROJECT_DIR)/Carthage/Build/iOS",
					"$(PROJECT_DIR)/RetailInventoryToSwift/Classes/Model/Entity",
					"$(PROJECT_DIR)/RetailInventoryToSwift",
				);
				INFOPLIST_FILE = RetailInventoryToSwift/Info.plist;
				IPHONEOS_DEPLOYMENT_TARGET = 9.3;
				LD_RUNPATH_SEARCH_PATHS = "$(inherited) @executable_path/Frameworks";
				PRODUCT_BUNDLE_IDENTIFIER = Itransition.RetailInventoryToSwift;
				PRODUCT_NAME = "$(TARGET_NAME)";
				SWIFT_OBJC_BRIDGING_HEADER = "RetailInventoryToSwift/Classes/Model/Entity/RetailInventoryToSwift-Bridging-Header.h";
				TARGETED_DEVICE_FAMILY = 1;
			};
			name = Release;
		};
		7DFE49DD1D057D4200EDF2FC /* Debug */ = {
			isa = XCBuildConfiguration;
			buildSettings = {
				BUNDLE_LOADER = "$(TEST_HOST)";
				INFOPLIST_FILE = RetailInventoryToSwiftTests/Info.plist;
				LD_RUNPATH_SEARCH_PATHS = "$(inherited) @executable_path/Frameworks @loader_path/Frameworks";
				PRODUCT_BUNDLE_IDENTIFIER = Itransition.RetailInventoryToSwiftTests;
				PRODUCT_NAME = "$(TARGET_NAME)";
				TEST_HOST = "$(BUILT_PRODUCTS_DIR)/RetailInventoryToSwift.app/RetailInventoryToSwift";
			};
			name = Debug;
		};
		7DFE49DE1D057D4200EDF2FC /* Release */ = {
			isa = XCBuildConfiguration;
			buildSettings = {
				BUNDLE_LOADER = "$(TEST_HOST)";
				INFOPLIST_FILE = RetailInventoryToSwiftTests/Info.plist;
				LD_RUNPATH_SEARCH_PATHS = "$(inherited) @executable_path/Frameworks @loader_path/Frameworks";
				PRODUCT_BUNDLE_IDENTIFIER = Itransition.RetailInventoryToSwiftTests;
				PRODUCT_NAME = "$(TARGET_NAME)";
				TEST_HOST = "$(BUILT_PRODUCTS_DIR)/RetailInventoryToSwift.app/RetailInventoryToSwift";
			};
			name = Release;
		};
		7DFE49E01D057D4200EDF2FC /* Debug */ = {
			isa = XCBuildConfiguration;
			buildSettings = {
				INFOPLIST_FILE = RetailInventoryToSwiftUITests/Info.plist;
				LD_RUNPATH_SEARCH_PATHS = "$(inherited) @executable_path/Frameworks @loader_path/Frameworks";
				PRODUCT_BUNDLE_IDENTIFIER = Itransition.RetailInventoryToSwiftUITests;
				PRODUCT_NAME = "$(TARGET_NAME)";
				TEST_TARGET_NAME = RetailInventoryToSwift;
			};
			name = Debug;
		};
		7DFE49E11D057D4200EDF2FC /* Release */ = {
			isa = XCBuildConfiguration;
			buildSettings = {
				INFOPLIST_FILE = RetailInventoryToSwiftUITests/Info.plist;
				LD_RUNPATH_SEARCH_PATHS = "$(inherited) @executable_path/Frameworks @loader_path/Frameworks";
				PRODUCT_BUNDLE_IDENTIFIER = Itransition.RetailInventoryToSwiftUITests;
				PRODUCT_NAME = "$(TARGET_NAME)";
				TEST_TARGET_NAME = RetailInventoryToSwift;
			};
			name = Release;
		};
/* End XCBuildConfiguration section */

/* Begin XCConfigurationList section */
		7DFE49A91D057D4100EDF2FC /* Build configuration list for PBXProject "RetailInventoryToSwift" */ = {
			isa = XCConfigurationList;
			buildConfigurations = (
				7DFE49D71D057D4200EDF2FC /* Debug */,
				7DFE49D81D057D4200EDF2FC /* Release */,
			);
			defaultConfigurationIsVisible = 0;
			defaultConfigurationName = Release;
		};
		7DFE49D91D057D4200EDF2FC /* Build configuration list for PBXNativeTarget "RetailInventoryToSwift" */ = {
			isa = XCConfigurationList;
			buildConfigurations = (
				7DFE49DA1D057D4200EDF2FC /* Debug */,
				7DFE49DB1D057D4200EDF2FC /* Release */,
			);
			defaultConfigurationIsVisible = 0;
			defaultConfigurationName = Release;
		};
		7DFE49DC1D057D4200EDF2FC /* Build configuration list for PBXNativeTarget "RetailInventoryToSwiftTests" */ = {
			isa = XCConfigurationList;
			buildConfigurations = (
				7DFE49DD1D057D4200EDF2FC /* Debug */,
				7DFE49DE1D057D4200EDF2FC /* Release */,
			);
			defaultConfigurationIsVisible = 0;
			defaultConfigurationName = Release;
		};
		7DFE49DF1D057D4200EDF2FC /* Build configuration list for PBXNativeTarget "RetailInventoryToSwiftUITests" */ = {
			isa = XCConfigurationList;
			buildConfigurations = (
				7DFE49E01D057D4200EDF2FC /* Debug */,
				7DFE49E11D057D4200EDF2FC /* Release */,
			);
			defaultConfigurationIsVisible = 0;
			defaultConfigurationName = Release;
		};
/* End XCConfigurationList section */

/* Begin XCVersionGroup section */
		7DB578EC1D099FD800141217 /* RetailInventoryToSwift.xcdatamodeld */ = {
			isa = XCVersionGroup;
			children = (
				7DB578ED1D099FD800141217 /* RetailInventoryToSwift.xcdatamodel */,
			);
			currentVersion = 7DB578ED1D099FD800141217 /* RetailInventoryToSwift.xcdatamodel */;
			path = RetailInventoryToSwift.xcdatamodeld;
			sourceTree = "<group>";
			versionGroupType = wrapper.xcdatamodel;
		};
/* End XCVersionGroup section */
	};
	rootObject = 7DFE49A61D057D4100EDF2FC /* Project object */;
}
